{
  "lockfile-version": 1,
  "manifest": {
    "version": 1,
    "install": {
      "flask": {
        "pkg-path": "python311Packages.flask"
      },
      "flask-socketio": {
        "pkg-path": "python311Packages.flask-socketio"
      },
      "numpy": {
        "pkg-path": "python311Packages.numpy"
      },
      "pandas": {
        "pkg-path": "python311Packages.pandas"
      },
      "postgresql_15": {
        "pkg-path": "postgresql_15"
      },
      "psycopg2": {
        "pkg-path": "python311Packages.psycopg2"
      },
      "python-socketio": {
        "pkg-path": "python311Packages.python-socketio"
      },
      "requests": {
        "pkg-path": "python311Packages.requests"
      },
      "sqlalchemy": {
        "pkg-path": "python311Packages.sqlalchemy"
      },
      "web3": {
        "pkg-path": "python311Packages.web3"
      }
    },
    "hook": {},
    "profile": {},
    "options": {}
  },
  "packages": [
    {
      "attr_path": "python311Packages.flask",
      "broken": false,
      "derivation": "/nix/store/0pahhh2v2n0f0n4mwld19ykx5rkm70d2-python3.11-flask-3.0.3.drv",
      "description": "Python micro framework for building web applications",
      "install_id": "flask",
      "license": "BSD-3-Clause",
      "locked_url": "https://github.com/flox/nixpkgs?rev=d70bd19e0a38ad4790d3913bf08fcbfc9eeca507",
      "name": "python3.11-flask-3.0.3",
      "pname": "flask",
      "rev": "d70bd19e0a38ad4790d3913bf08fcbfc9eeca507",
      "rev_count": 724962,
      "rev_date": "2024-12-19T23:01:11Z",
      "scrape_date": "2024-12-23T03:54:12Z",
      "stabilities": [
        "stable",
        "staging",
        "unstable"
      ],
      "unfree": false,
      "version": "3.0.3",
      "outputs_to_install": [
        "out"
      ],
      "outputs": {
        "dist": "/nix/store/gh6krc3dr92bpqzhmb671brfsz6s78r3-python3.11-flask-3.0.3-dist",
        "out": "/nix/store/0lpp3nkmn0a5y8jjblh8dkmyx35b1apy-python3.11-flask-3.0.3"
      },
      "system": "aarch64-darwin",
      "group": "toplevel",
      "priority": 5
    },
    {
      "attr_path": "python311Packages.flask",
      "broken": false,
      "derivation": "/nix/store/g583s815gan8m2zy1jg54laaqrqc4kzv-python3.11-flask-3.0.3.drv",
      "description": "Python micro framework for building web applications",
      "install_id": "flask",
      "license": "BSD-3-Clause",
      "locked_url": "https://github.com/flox/nixpkgs?rev=d70bd19e0a38ad4790d3913bf08fcbfc9eeca507",
      "name": "python3.11-flask-3.0.3",
      "pname": "flask",
      "rev": "d70bd19e0a38ad4790d3913bf08fcbfc9eeca507",
      "rev_count": 724962,
      "rev_date": "2024-12-19T23:01:11Z",
      "scrape_date": "2024-12-23T03:54:12Z",
      "stabilities": [
        "stable",
        "staging",
        "unstable"
      ],
      "unfree": false,
      "version": "3.0.3",
      "outputs_to_install": [
        "out"
      ],
      "outputs": {
        "dist": "/nix/store/8sw7arbmjki761dk1hs0ynwjrlcmwxdr-python3.11-flask-3.0.3-dist",
        "out": "/nix/store/3bvgp5nm994zwmx20vnsp7lmhc73fri3-python3.11-flask-3.0.3"
      },
      "system": "aarch64-linux",
      "group": "toplevel",
      "priority": 5
    },
    {
      "attr_path": "python311Packages.flask",
      "broken": false,
      "derivation": "/nix/store/v2513bd01bz5x4fxpycwxp31d0jcxbj0-python3.11-flask-3.0.3.drv",
      "description": "Python micro framework for building web applications",
      "install_id": "flask",
      "license": "BSD-3-Clause",
      "locked_url": "https://github.com/flox/nixpkgs?rev=d70bd19e0a38ad4790d3913bf08fcbfc9eeca507",
      "name": "python3.11-flask-3.0.3",
      "pname": "flask",
      "rev": "d70bd19e0a38ad4790d3913bf08fcbfc9eeca507",
      "rev_count": 724962,
      "rev_date": "2024-12-19T23:01:11Z",
      "scrape_date": "2024-12-23T03:54:12Z",
      "stabilities": [
        "stable",
        "staging",
        "unstable"
      ],
      "unfree": false,
      "version": "3.0.3",
      "outputs_to_install": [
        "out"
      ],
      "outputs": {
        "dist": "/nix/store/g6wj0r24dflqhcfpv8ygzm1kj0mnl4dr-python3.11-flask-3.0.3-dist",
        "out": "/nix/store/7gb0i8kva9rbg9avha57s3fzz24xx57h-python3.11-flask-3.0.3"
      },
      "system": "x86_64-darwin",
      "group": "toplevel",
      "priority": 5
    },
    {
      "attr_path": "python311Packages.flask",
      "broken": false,
      "derivation": "/nix/store/srcxak02mwr680yb15kvzc16fi686cgl-python3.11-flask-3.0.3.drv",
      "description": "Python micro framework for building web applications",
      "install_id": "flask",
      "license": "BSD-3-Clause",
      "locked_url": "https://github.com/flox/nixpkgs?rev=d70bd19e0a38ad4790d3913bf08fcbfc9eeca507",
      "name": "python3.11-flask-3.0.3",
      "pname": "flask",
      "rev": "d70bd19e0a38ad4790d3913bf08fcbfc9eeca507",
      "rev_count": 724962,
      "rev_date": "2024-12-19T23:01:11Z",
      "scrape_date": "2024-12-23T03:54:12Z",
      "stabilities": [
        "stable",
        "staging",
        "unstable"
      ],
      "unfree": false,
      "version": "3.0.3",
      "outputs_to_install": [
        "out"
      ],
      "outputs": {
        "dist": "/nix/store/gamk3y6idjwd9gi5p88xm4lpda82w6ld-python3.11-flask-3.0.3-dist",
        "out": "/nix/store/a80s5dp502g9v90sz8gzvhm2kck6i0dr-python3.11-flask-3.0.3"
      },
      "system": "x86_64-linux",
      "group": "toplevel",
      "priority": 5
    },
    {
      "attr_path": "python311Packages.flask-socketio",
      "broken": false,
      "derivation": "/nix/store/lpvyaxmgfy6pbndi9ykcnjh8j22na46q-python3.11-flask-socketio-5.4.1.drv",
      "description": "Socket.IO integration for Flask applications",
      "install_id": "flask-socketio",
      "license": "MIT",
      "locked_url": "https://github.com/flox/nixpkgs?rev=d70bd19e0a38ad4790d3913bf08fcbfc9eeca507",
      "name": "python3.11-flask-socketio-5.4.1",
      "pname": "flask-socketio",
      "rev": "d70bd19e0a38ad4790d3913bf08fcbfc9eeca507",
      "rev_count": 724962,
      "rev_date": "2024-12-19T23:01:11Z",
      "scrape_date": "2024-12-23T03:54:12Z",
      "stabilities": [
        "stable",
        "staging",
        "unstable"
      ],
      "unfree": false,
      "version": "5.4.1",
      "outputs_to_install": [
        "out"
      ],
      "outputs": {
        "dist": "/nix/store/5ngyaq96b27nydlkyrc9y8lysljglkzz-python3.11-flask-socketio-5.4.1-dist",
        "out": "/nix/store/zyhhgwwpfq88hv5cgnrszqm7g125wr61-python3.11-flask-socketio-5.4.1"
      },
      "system": "aarch64-darwin",
      "group": "toplevel",
      "priority": 5
    },
    {
      "attr_path": "python311Packages.flask-socketio",
      "broken": false,
      "derivation": "/nix/store/ydi9lv8920c431lpshcw5lsmma2cqlfc-python3.11-flask-socketio-5.4.1.drv",
      "description": "Socket.IO integration for Flask applications",
      "install_id": "flask-socketio",
      "license": "MIT",
      "locked_url": "https://github.com/flox/nixpkgs?rev=d70bd19e0a38ad4790d3913bf08fcbfc9eeca507",
      "name": "python3.11-flask-socketio-5.4.1",
      "pname": "flask-socketio",
      "rev": "d70bd19e0a38ad4790d3913bf08fcbfc9eeca507",
      "rev_count": 724962,
      "rev_date": "2024-12-19T23:01:11Z",
      "scrape_date": "2024-12-23T03:54:12Z",
      "stabilities": [
        "stable",
        "staging",
        "unstable"
      ],
      "unfree": false,
      "version": "5.4.1",
      "outputs_to_install": [
        "out"
      ],
      "outputs": {
        "dist": "/nix/store/1wqsgc60i7l4psa3nfc8bqc366v9j7sn-python3.11-flask-socketio-5.4.1-dist",
        "out": "/nix/store/434z7p3vvgdbxsmj6swxn8cpk2jcy7v7-python3.11-flask-socketio-5.4.1"
      },
      "system": "aarch64-linux",
      "group": "toplevel",
      "priority": 5
    },
    {
      "attr_path": "python311Packages.flask-socketio",
      "broken": false,
      "derivation": "/nix/store/lb07l3wckiff5b3jbwdlj03rd8xscnqa-python3.11-flask-socketio-5.4.1.drv",
      "description": "Socket.IO integration for Flask applications",
      "install_id": "flask-socketio",
      "license": "MIT",
      "locked_url": "https://github.com/flox/nixpkgs?rev=d70bd19e0a38ad4790d3913bf08fcbfc9eeca507",
      "name": "python3.11-flask-socketio-5.4.1",
      "pname": "flask-socketio",
      "rev": "d70bd19e0a38ad4790d3913bf08fcbfc9eeca507",
      "rev_count": 724962,
      "rev_date": "2024-12-19T23:01:11Z",
      "scrape_date": "2024-12-23T03:54:12Z",
      "stabilities": [
        "stable",
        "staging",
        "unstable"
      ],
      "unfree": false,
      "version": "5.4.1",
      "outputs_to_install": [
        "out"
      ],
      "outputs": {
        "dist": "/nix/store/70msll2d43spgm8sw4wj1kfnrbbiv4x8-python3.11-flask-socketio-5.4.1-dist",
        "out": "/nix/store/kazlmkc0v7dxv6znah7v82zgb8bx7lrw-python3.11-flask-socketio-5.4.1"
      },
      "system": "x86_64-darwin",
      "group": "toplevel",
      "priority": 5
    },
    {
      "attr_path": "python311Packages.flask-socketio",
      "broken": false,
      "derivation": "/nix/store/v3swny5jy31nwajybdmdz9zjk8phkky1-python3.11-flask-socketio-5.4.1.drv",
      "description": "Socket.IO integration for Flask applications",
      "install_id": "flask-socketio",
      "license": "MIT",
      "locked_url": "https://github.com/flox/nixpkgs?rev=d70bd19e0a38ad4790d3913bf08fcbfc9eeca507",
      "name": "python3.11-flask-socketio-5.4.1",
      "pname": "flask-socketio",
      "rev": "d70bd19e0a38ad4790d3913bf08fcbfc9eeca507",
      "rev_count": 724962,
      "rev_date": "2024-12-19T23:01:11Z",
      "scrape_date": "2024-12-23T03:54:12Z",
      "stabilities": [
        "stable",
        "staging",
        "unstable"
      ],
      "unfree": false,
      "version": "5.4.1",
      "outputs_to_install": [
        "out"
      ],
      "outputs": {
        "dist": "/nix/store/lh4wjn1vdlb3gl5z999ikv74wrshw3zm-python3.11-flask-socketio-5.4.1-dist",
        "out": "/nix/store/5wflfw5ijdfhq3vsmyglcpgvbwax9hfa-python3.11-flask-socketio-5.4.1"
      },
      "system": "x86_64-linux",
      "group": "toplevel",
      "priority": 5
    },
    {
      "attr_path": "python311Packages.numpy",
      "broken": false,
      "derivation": "/nix/store/j52x6z5rkqryr1fvxrqi8ncxcawlsxdy-python3.11-numpy-1.26.4.drv",
      "description": "Scientific tools for Python",
      "install_id": "numpy",
      "license": "BSD-3-Clause",
      "locked_url": "https://github.com/flox/nixpkgs?rev=d70bd19e0a38ad4790d3913bf08fcbfc9eeca507",
      "name": "python3.11-numpy-1.26.4",
      "pname": "numpy",
      "rev": "d70bd19e0a38ad4790d3913bf08fcbfc9eeca507",
      "rev_count": 724962,
      "rev_date": "2024-12-19T23:01:11Z",
      "scrape_date": "2024-12-23T03:54:12Z",
      "stabilities": [
        "stable",
        "staging",
        "unstable"
      ],
      "unfree": false,
      "version": "1.26.4",
      "outputs_to_install": [
        "out"
      ],
      "outputs": {
        "dist": "/nix/store/gfmfvvxf81zsjfcfpps1i5azv8ig69fc-python3.11-numpy-1.26.4-dist",
        "out": "/nix/store/41bx8y7h7w19aldw53v5i3f6ncxghjh2-python3.11-numpy-1.26.4"
      },
      "system": "aarch64-darwin",
      "group": "toplevel",
      "priority": 5
    },
    {
      "attr_path": "python311Packages.numpy",
      "broken": false,
      "derivation": "/nix/store/f2imgd44a2s8xp63hrwg902hp0j2khbz-python3.11-numpy-1.26.4.drv",
      "description": "Scientific tools for Python",
      "install_id": "numpy",
      "license": "BSD-3-Clause",
      "locked_url": "https://github.com/flox/nixpkgs?rev=d70bd19e0a38ad4790d3913bf08fcbfc9eeca507",
      "name": "python3.11-numpy-1.26.4",
      "pname": "numpy",
      "rev": "d70bd19e0a38ad4790d3913bf08fcbfc9eeca507",
      "rev_count": 724962,
      "rev_date": "2024-12-19T23:01:11Z",
      "scrape_date": "2024-12-23T03:54:12Z",
      "stabilities": [
        "stable",
        "staging",
        "unstable"
      ],
      "unfree": false,
      "version": "1.26.4",
      "outputs_to_install": [
        "out"
      ],
      "outputs": {
        "dist": "/nix/store/0fd878mvnwdibxnff7i89k43acfafhxz-python3.11-numpy-1.26.4-dist",
        "out": "/nix/store/4scpjpzzlm8nr4w1k8dbndg11a6za7r6-python3.11-numpy-1.26.4"
      },
      "system": "aarch64-linux",
      "group": "toplevel",
      "priority": 5
    },
    {
      "attr_path": "python311Packages.numpy",
      "broken": false,
      "derivation": "/nix/store/2hlmak791mxxlancxnxfx0bmp1a4zkk3-python3.11-numpy-1.26.4.drv",
      "description": "Scientific tools for Python",
      "install_id": "numpy",
      "license": "BSD-3-Clause",
      "locked_url": "https://github.com/flox/nixpkgs?rev=d70bd19e0a38ad4790d3913bf08fcbfc9eeca507",
      "name": "python3.11-numpy-1.26.4",
      "pname": "numpy",
      "rev": "d70bd19e0a38ad4790d3913bf08fcbfc9eeca507",
      "rev_count": 724962,
      "rev_date": "2024-12-19T23:01:11Z",
      "scrape_date": "2024-12-23T03:54:12Z",
      "stabilities": [
        "stable",
        "staging",
        "unstable"
      ],
      "unfree": false,
      "version": "1.26.4",
      "outputs_to_install": [
        "out"
      ],
      "outputs": {
        "dist": "/nix/store/5wsxcjnd0l3zpvg6sk7l5svnrn9qcnvk-python3.11-numpy-1.26.4-dist",
        "out": "/nix/store/qhdh2lcipl3iswd6wdv35wfva4vsdqbf-python3.11-numpy-1.26.4"
      },
      "system": "x86_64-darwin",
      "group": "toplevel",
      "priority": 5
    },
    {
      "attr_path": "python311Packages.numpy",
      "broken": false,
      "derivation": "/nix/store/1qh9fg19m52avrj63z14n5f8k21qi80p-python3.11-numpy-1.26.4.drv",
      "description": "Scientific tools for Python",
      "install_id": "numpy",
      "license": "BSD-3-Clause",
      "locked_url": "https://github.com/flox/nixpkgs?rev=d70bd19e0a38ad4790d3913bf08fcbfc9eeca507",
      "name": "python3.11-numpy-1.26.4",
      "pname": "numpy",
      "rev": "d70bd19e0a38ad4790d3913bf08fcbfc9eeca507",
      "rev_count": 724962,
      "rev_date": "2024-12-19T23:01:11Z",
      "scrape_date": "2024-12-23T03:54:12Z",
      "stabilities": [
        "stable",
        "staging",
        "unstable"
      ],
      "unfree": false,
      "version": "1.26.4",
      "outputs_to_install": [
        "out"
      ],
      "outputs": {
        "dist": "/nix/store/kdlm2azwygpbpy65qmffi04nw9igmap8-python3.11-numpy-1.26.4-dist",
        "out": "/nix/store/12nkx5irbnfdh06frm3sxs7drdw9ah4r-python3.11-numpy-1.26.4"
      },
      "system": "x86_64-linux",
      "group": "toplevel",
      "priority": 5
    },
    {
      "attr_path": "python311Packages.pandas",
      "broken": false,
      "derivation": "/nix/store/aw3476qb47yj1glnm82jqwpss7brs7cc-python3.11-pandas-2.2.3.drv",
      "description": "Powerful data structures for data analysis, time series, and statistics",
      "install_id": "pandas",
      "license": "BSD-3-Clause",
      "locked_url": "https://github.com/flox/nixpkgs?rev=d70bd19e0a38ad4790d3913bf08fcbfc9eeca507",
      "name": "python3.11-pandas-2.2.3",
      "pname": "pandas",
      "rev": "d70bd19e0a38ad4790d3913bf08fcbfc9eeca507",
      "rev_count": 724962,
      "rev_date": "2024-12-19T23:01:11Z",
      "scrape_date": "2024-12-23T03:54:12Z",
      "stabilities": [
        "stable",
        "staging",
        "unstable"
      ],
      "unfree": false,
      "version": "2.2.3",
      "outputs_to_install": [
        "out"
      ],
      "outputs": {
        "dist": "/nix/store/2j2plgzx3mapr49kfpz46rfqb14yggxg-python3.11-pandas-2.2.3-dist",
        "out": "/nix/store/fp5qnb4dvswnkfvxw9ydb6isjf7k7lbc-python3.11-pandas-2.2.3"
      },
      "system": "aarch64-darwin",
      "group": "toplevel",
      "priority": 5
    },
    {
      "attr_path": "python311Packages.pandas",
      "broken": false,
      "derivation": "/nix/store/bz83qlxvhjpivcwkpvxn3l08s8zpm5yg-python3.11-pandas-2.2.3.drv",
      "description": "Powerful data structures for data analysis, time series, and statistics",
      "install_id": "pandas",
      "license": "BSD-3-Clause",
      "locked_url": "https://github.com/flox/nixpkgs?rev=d70bd19e0a38ad4790d3913bf08fcbfc9eeca507",
      "name": "python3.11-pandas-2.2.3",
      "pname": "pandas",
      "rev": "d70bd19e0a38ad4790d3913bf08fcbfc9eeca507",
      "rev_count": 724962,
      "rev_date": "2024-12-19T23:01:11Z",
      "scrape_date": "2024-12-23T03:54:12Z",
      "stabilities": [
        "stable",
        "staging",
        "unstable"
      ],
      "unfree": false,
      "version": "2.2.3",
      "outputs_to_install": [
        "out"
      ],
      "outputs": {
        "dist": "/nix/store/dfp2pa2gak4d1yriyccva8hfsapziybk-python3.11-pandas-2.2.3-dist",
        "out": "/nix/store/zrzxzmmy9g7hmjci27blf86szcjwag66-python3.11-pandas-2.2.3"
      },
      "system": "aarch64-linux",
      "group": "toplevel",
      "priority": 5
    },
    {
      "attr_path": "python311Packages.pandas",
      "broken": false,
      "derivation": "/nix/store/ixqdl550d3fs4d0ii6zvzm1g8m8gjfj3-python3.11-pandas-2.2.3.drv",
      "description": "Powerful data structures for data analysis, time series, and statistics",
      "install_id": "pandas",
      "license": "BSD-3-Clause",
      "locked_url": "https://github.com/flox/nixpkgs?rev=d70bd19e0a38ad4790d3913bf08fcbfc9eeca507",
      "name": "python3.11-pandas-2.2.3",
      "pname": "pandas",
      "rev": "d70bd19e0a38ad4790d3913bf08fcbfc9eeca507",
      "rev_count": 724962,
      "rev_date": "2024-12-19T23:01:11Z",
      "scrape_date": "2024-12-23T03:54:12Z",
      "stabilities": [
        "stable",
        "staging",
        "unstable"
      ],
      "unfree": false,
      "version": "2.2.3",
      "outputs_to_install": [
        "out"
      ],
      "outputs": {
        "dist": "/nix/store/aq6ack6qy8ysx3ksn1fysy3lss9xd7l9-python3.11-pandas-2.2.3-dist",
        "out": "/nix/store/12avgr9s4a5pjzg9i283is1xfchzwy22-python3.11-pandas-2.2.3"
      },
      "system": "x86_64-darwin",
      "group": "toplevel",
      "priority": 5
    },
    {
      "attr_path": "python311Packages.pandas",
      "broken": false,
      "derivation": "/nix/store/yv6algw00xwk5g1rihi688l7vwkgdva6-python3.11-pandas-2.2.3.drv",
      "description": "Powerful data structures for data analysis, time series, and statistics",
      "install_id": "pandas",
      "license": "BSD-3-Clause",
      "locked_url": "https://github.com/flox/nixpkgs?rev=d70bd19e0a38ad4790d3913bf08fcbfc9eeca507",
      "name": "python3.11-pandas-2.2.3",
      "pname": "pandas",
      "rev": "d70bd19e0a38ad4790d3913bf08fcbfc9eeca507",
      "rev_count": 724962,
      "rev_date": "2024-12-19T23:01:11Z",
      "scrape_date": "2024-12-23T03:54:12Z",
      "stabilities": [
        "stable",
        "staging",
        "unstable"
      ],
      "unfree": false,
      "version": "2.2.3",
      "outputs_to_install": [
        "out"
      ],
      "outputs": {
        "dist": "/nix/store/b4krw8gg7clhwzhhbgk5c7pyb9wmjhmv-python3.11-pandas-2.2.3-dist",
        "out": "/nix/store/ykj2zgln73lsm8wr797wsc8b2mpdp6k8-python3.11-pandas-2.2.3"
      },
      "system": "x86_64-linux",
      "group": "toplevel",
      "priority": 5
    },
    {
      "attr_path": "postgresql_15",
      "broken": false,
      "derivation": "/nix/store/1p70731wsc62i27m7j9s1b5cfn8czpwf-postgresql-15.9.drv",
      "description": "Powerful, open source object-relational database system",
      "install_id": "postgresql_15",
      "license": "PostgreSQL",
      "locked_url": "https://github.com/flox/nixpkgs?rev=d70bd19e0a38ad4790d3913bf08fcbfc9eeca507",
      "name": "postgresql-15.9",
      "pname": "postgresql_15",
      "rev": "d70bd19e0a38ad4790d3913bf08fcbfc9eeca507",
      "rev_count": 724962,
      "rev_date": "2024-12-19T23:01:11Z",
      "scrape_date": "2024-12-23T03:54:12Z",
      "stabilities": [
        "stable",
        "staging",
        "unstable"
      ],
      "unfree": false,
      "version": "15.9",
      "outputs_to_install": [
        "man",
        "out"
      ],
      "outputs": {
        "dev": "/nix/store/klkmzdwniivwcyqza4gfhkvd250pf2xy-postgresql-15.9-dev",
        "doc": "/nix/store/v721kpnxaf8lhbwkak12lix2gpnnysnj-postgresql-15.9-doc",
        "lib": "/nix/store/x33gl015sik24mpgir6sn4kmhigqbwna-postgresql-15.9-lib",
        "man": "/nix/store/d06xrki82ysajn1sfdp34i9s6crs2gs9-postgresql-15.9-man",
        "out": "/nix/store/19r5isc0811k1gm74f2jipwr44bpyj08-postgresql-15.9"
      },
      "system": "aarch64-darwin",
      "group": "toplevel",
      "priority": 5
    },
    {
      "attr_path": "postgresql_15",
      "broken": false,
      "derivation": "/nix/store/frcm097vc0a74ccsf1ddlnb4wsxr5vxh-postgresql-15.9.drv",
      "description": "Powerful, open source object-relational database system",
      "install_id": "postgresql_15",
      "license": "PostgreSQL",
      "locked_url": "https://github.com/flox/nixpkgs?rev=d70bd19e0a38ad4790d3913bf08fcbfc9eeca507",
      "name": "postgresql-15.9",
      "pname": "postgresql_15",
      "rev": "d70bd19e0a38ad4790d3913bf08fcbfc9eeca507",
      "rev_count": 724962,
      "rev_date": "2024-12-19T23:01:11Z",
      "scrape_date": "2024-12-23T03:54:12Z",
      "stabilities": [
        "stable",
        "staging",
        "unstable"
      ],
      "unfree": false,
      "version": "15.9",
      "outputs_to_install": [
        "man",
        "out"
      ],
      "outputs": {
        "debug": "/nix/store/x15vxm6aigdkf1nccg66r65pydfrwrsk-postgresql-15.9-debug",
        "dev": "/nix/store/gpka6lnjdl0w0rg1qylyzpjqamxmi9fk-postgresql-15.9-dev",
        "doc": "/nix/store/3wi0wj34cp4x59w2457bgk81dsvigxyc-postgresql-15.9-doc",
        "lib": "/nix/store/af95s93a5sxhww24v8a6p7vravic8c12-postgresql-15.9-lib",
        "man": "/nix/store/2h8q9r4f92dya25xqwvy29y1hwqarpcq-postgresql-15.9-man",
        "out": "/nix/store/0rgx6yi08rvfxn98ir97vkylkgc7115v-postgresql-15.9"
      },
      "system": "aarch64-linux",
      "group": "toplevel",
      "priority": 5
    },
    {
      "attr_path": "postgresql_15",
      "broken": false,
      "derivation": "/nix/store/wa0hfgla4ydyjksxypp9f9z2azwn6hwa-postgresql-15.9.drv",
      "description": "Powerful, open source object-relational database system",
      "install_id": "postgresql_15",
      "license": "PostgreSQL",
      "locked_url": "https://github.com/flox/nixpkgs?rev=d70bd19e0a38ad4790d3913bf08fcbfc9eeca507",
      "name": "postgresql-15.9",
      "pname": "postgresql_15",
      "rev": "d70bd19e0a38ad4790d3913bf08fcbfc9eeca507",
      "rev_count": 724962,
      "rev_date": "2024-12-19T23:01:11Z",
      "scrape_date": "2024-12-23T03:54:12Z",
      "stabilities": [
        "stable",
        "staging",
        "unstable"
      ],
      "unfree": false,
      "version": "15.9",
      "outputs_to_install": [
        "man",
        "out"
      ],
      "outputs": {
        "dev": "/nix/store/nz6g85jcfw20zxijik058s00xp4rn3qn-postgresql-15.9-dev",
        "doc": "/nix/store/mg5z0vgq6mhifi8yhw464jszwg52xs1p-postgresql-15.9-doc",
        "lib": "/nix/store/f8v4i8lxm9gihjpqbk5c55qcn84js2da-postgresql-15.9-lib",
        "man": "/nix/store/qdv00z20awq6dcnim6zv24b74hzn7ffh-postgresql-15.9-man",
        "out": "/nix/store/n8dgz3hrfsssjcldbaplz2h11pr0vrck-postgresql-15.9"
      },
      "system": "x86_64-darwin",
      "group": "toplevel",
      "priority": 5
    },
    {
      "attr_path": "postgresql_15",
      "broken": false,
      "derivation": "/nix/store/i9xr3lbylvyn16fidq2p05hq83bk4y1f-postgresql-15.9.drv",
      "description": "Powerful, open source object-relational database system",
      "install_id": "postgresql_15",
      "license": "PostgreSQL",
      "locked_url": "https://github.com/flox/nixpkgs?rev=d70bd19e0a38ad4790d3913bf08fcbfc9eeca507",
      "name": "postgresql-15.9",
      "pname": "postgresql_15",
      "rev": "d70bd19e0a38ad4790d3913bf08fcbfc9eeca507",
      "rev_count": 724962,
      "rev_date": "2024-12-19T23:01:11Z",
      "scrape_date": "2024-12-23T03:54:12Z",
      "stabilities": [
        "stable",
        "staging",
        "unstable"
      ],
      "unfree": false,
      "version": "15.9",
      "outputs_to_install": [
        "man",
        "out"
      ],
      "outputs": {
        "debug": "/nix/store/bl3py056djvy4jjwnr8i69hrawz31l8x-postgresql-15.9-debug",
        "dev": "/nix/store/zd6piskzdw6n3b47ppadrw127qwy4mkj-postgresql-15.9-dev",
        "doc": "/nix/store/lwvxxz36wpxmv0jyqc7n2qr74sfznrx0-postgresql-15.9-doc",
        "lib": "/nix/store/a49g6mk1b64jyb8arl6fymkc6nj5dcdb-postgresql-15.9-lib",
        "man": "/nix/store/sm20c953i57s1yfd30al05cqkq48f5lh-postgresql-15.9-man",
        "out": "/nix/store/w4aryg759d7xfjmzv20qmivkyh0k6aak-postgresql-15.9"
      },
      "system": "x86_64-linux",
      "group": "toplevel",
      "priority": 5
    },
    {
      "attr_path": "python311Packages.psycopg2",
      "broken": false,
      "derivation": "/nix/store/k8dzgk6g4cjdch8l4csh60ngr693pczm-python3.11-psycopg2-2.9.9.drv",
      "description": "PostgreSQL database adapter for the Python programming language",
      "install_id": "psycopg2",
      "license": "[ LGPL-3.0-or-later, ZPL-2.0 ]",
      "locked_url": "https://github.com/flox/nixpkgs?rev=d70bd19e0a38ad4790d3913bf08fcbfc9eeca507",
      "name": "python3.11-psycopg2-2.9.9",
      "pname": "psycopg2",
      "rev": "d70bd19e0a38ad4790d3913bf08fcbfc9eeca507",
      "rev_count": 724962,
      "rev_date": "2024-12-19T23:01:11Z",
      "scrape_date": "2024-12-23T03:54:12Z",
      "stabilities": [
        "stable",
        "staging",
        "unstable"
      ],
      "unfree": false,
      "version": "python3.11-psycopg2-2.9.9",
      "outputs_to_install": [
        "out"
      ],
      "outputs": {
        "dist": "/nix/store/9y7s9cbr1xx8zxwbqb7730zsdsw9anvd-python3.11-psycopg2-2.9.9-dist",
        "doc": "/nix/store/zd7qlxwpavypy9jvmiz8dv0991mzx1f4-python3.11-psycopg2-2.9.9-doc",
        "out": "/nix/store/ygjrbp3fdksxk6bg8xhl4f24c7zp0l4f-python3.11-psycopg2-2.9.9"
      },
      "system": "aarch64-darwin",
      "group": "toplevel",
      "priority": 5
    },
    {
      "attr_path": "python311Packages.psycopg2",
      "broken": false,
      "derivation": "/nix/store/in3y3k184sydm2rif18pcwf22w5cx25z-python3.11-psycopg2-2.9.9.drv",
      "description": "PostgreSQL database adapter for the Python programming language",
      "install_id": "psycopg2",
      "license": "[ LGPL-3.0-or-later, ZPL-2.0 ]",
      "locked_url": "https://github.com/flox/nixpkgs?rev=d70bd19e0a38ad4790d3913bf08fcbfc9eeca507",
      "name": "python3.11-psycopg2-2.9.9",
      "pname": "psycopg2",
      "rev": "d70bd19e0a38ad4790d3913bf08fcbfc9eeca507",
      "rev_count": 724962,
      "rev_date": "2024-12-19T23:01:11Z",
      "scrape_date": "2024-12-23T03:54:12Z",
      "stabilities": [
        "stable",
        "staging",
        "unstable"
      ],
      "unfree": false,
      "version": "python3.11-psycopg2-2.9.9",
      "outputs_to_install": [
        "out"
      ],
      "outputs": {
        "dist": "/nix/store/f8msfsini5pjxkwd3d1kf71wp7zghi06-python3.11-psycopg2-2.9.9-dist",
        "doc": "/nix/store/213dr0anzfhdbs5cshfdlm8zbjphaz39-python3.11-psycopg2-2.9.9-doc",
        "out": "/nix/store/h4kpi5pnzppg98ad8znp041jzmz28z87-python3.11-psycopg2-2.9.9"
      },
      "system": "aarch64-linux",
      "group": "toplevel",
      "priority": 5
    },
    {
      "attr_path": "python311Packages.psycopg2",
      "broken": false,
      "derivation": "/nix/store/m7dchvb55r3f9l2l42bqci5f7lavs1fd-python3.11-psycopg2-2.9.9.drv",
      "description": "PostgreSQL database adapter for the Python programming language",
      "install_id": "psycopg2",
      "license": "[ LGPL-3.0-or-later, ZPL-2.0 ]",
      "locked_url": "https://github.com/flox/nixpkgs?rev=d70bd19e0a38ad4790d3913bf08fcbfc9eeca507",
      "name": "python3.11-psycopg2-2.9.9",
      "pname": "psycopg2",
      "rev": "d70bd19e0a38ad4790d3913bf08fcbfc9eeca507",
      "rev_count": 724962,
      "rev_date": "2024-12-19T23:01:11Z",
      "scrape_date": "2024-12-23T03:54:12Z",
      "stabilities": [
        "stable",
        "staging",
        "unstable"
      ],
      "unfree": false,
      "version": "python3.11-psycopg2-2.9.9",
      "outputs_to_install": [
        "out"
      ],
      "outputs": {
        "dist": "/nix/store/l609p63kmcl07ksf0fc1cjf4q04rl52m-python3.11-psycopg2-2.9.9-dist",
        "doc": "/nix/store/j79awm53crnjd4ga4y03bbign1kfzr05-python3.11-psycopg2-2.9.9-doc",
        "out": "/nix/store/psg03civ99bmzhgbs0yppdh7csckjai0-python3.11-psycopg2-2.9.9"
      },
      "system": "x86_64-darwin",
      "group": "toplevel",
      "priority": 5
    },
    {
      "attr_path": "python311Packages.psycopg2",
      "broken": false,
      "derivation": "/nix/store/rvlbyf24f72yv6a7w5chxzgby1ck3f6j-python3.11-psycopg2-2.9.9.drv",
      "description": "PostgreSQL database adapter for the Python programming language",
      "install_id": "psycopg2",
      "license": "[ LGPL-3.0-or-later, ZPL-2.0 ]",
      "locked_url": "https://github.com/flox/nixpkgs?rev=d70bd19e0a38ad4790d3913bf08fcbfc9eeca507",
      "name": "python3.11-psycopg2-2.9.9",
      "pname": "psycopg2",
      "rev": "d70bd19e0a38ad4790d3913bf08fcbfc9eeca507",
      "rev_count": 724962,
      "rev_date": "2024-12-19T23:01:11Z",
      "scrape_date": "2024-12-23T03:54:12Z",
      "stabilities": [
        "stable",
        "staging",
        "unstable"
      ],
      "unfree": false,
      "version": "python3.11-psycopg2-2.9.9",
      "outputs_to_install": [
        "out"
      ],
      "outputs": {
        "dist": "/nix/store/43p0j023s0pvrx2vx1xg64lq7szxa1qj-python3.11-psycopg2-2.9.9-dist",
        "doc": "/nix/store/af3pq4msyknbvdsfs3mv2v7rxh09ffnr-python3.11-psycopg2-2.9.9-doc",
        "out": "/nix/store/i7kmm1pwjxc5xm6pirizbaz3a4c9qd8q-python3.11-psycopg2-2.9.9"
      },
      "system": "x86_64-linux",
      "group": "toplevel",
      "priority": 5
    },
    {
      "attr_path": "python311Packages.python-socketio",
      "broken": false,
      "derivation": "/nix/store/pni09szwsa9g95l08sdvr6kyhf5yx7l9-python3.11-python-socketio-5.11.4.drv",
      "description": "Python Socket.IO server and client",
      "install_id": "python-socketio",
      "license": "[ MIT ]",
      "locked_url": "https://github.com/flox/nixpkgs?rev=d70bd19e0a38ad4790d3913bf08fcbfc9eeca507",
      "name": "python3.11-python-socketio-5.11.4",
      "pname": "python-socketio",
      "rev": "d70bd19e0a38ad4790d3913bf08fcbfc9eeca507",
      "rev_count": 724962,
      "rev_date": "2024-12-19T23:01:11Z",
      "scrape_date": "2024-12-23T03:54:12Z",
      "stabilities": [
        "stable",
        "staging",
        "unstable"
      ],
      "unfree": false,
      "version": "5.11.4",
      "outputs_to_install": [
        "out"
      ],
      "outputs": {
        "dist": "/nix/store/1kbfkqgd4l9npvd6q2vxdnr7xv96mv7a-python3.11-python-socketio-5.11.4-dist",
        "out": "/nix/store/hj99v9hmmdhn59x7i9gvvgsw9gas672z-python3.11-python-socketio-5.11.4"
      },
      "system": "aarch64-darwin",
      "group": "toplevel",
      "priority": 5
    },
    {
      "attr_path": "python311Packages.python-socketio",
      "broken": false,
      "derivation": "/nix/store/5nwx8nj42v85qdiqga67zc6qnf31m13c-python3.11-python-socketio-5.11.4.drv",
      "description": "Python Socket.IO server and client",
      "install_id": "python-socketio",
      "license": "[ MIT ]",
      "locked_url": "https://github.com/flox/nixpkgs?rev=d70bd19e0a38ad4790d3913bf08fcbfc9eeca507",
      "name": "python3.11-python-socketio-5.11.4",
      "pname": "python-socketio",
      "rev": "d70bd19e0a38ad4790d3913bf08fcbfc9eeca507",
      "rev_count": 724962,
      "rev_date": "2024-12-19T23:01:11Z",
      "scrape_date": "2024-12-23T03:54:12Z",
      "stabilities": [
        "stable",
        "staging",
        "unstable"
      ],
      "unfree": false,
      "version": "5.11.4",
      "outputs_to_install": [
        "out"
      ],
      "outputs": {
        "dist": "/nix/store/brq60y7y1qvjkxniz123w2qkkz2zvmb7-python3.11-python-socketio-5.11.4-dist",
        "out": "/nix/store/w9zdgpbnv6rvf6npsny7swrdqd6f06s3-python3.11-python-socketio-5.11.4"
      },
      "system": "aarch64-linux",
      "group": "toplevel",
      "priority": 5
    },
    {
      "attr_path": "python311Packages.python-socketio",
      "broken": false,
      "derivation": "/nix/store/g9ybp6dqf04zbz4rgb881bv4kyfb4dnr-python3.11-python-socketio-5.11.4.drv",
      "description": "Python Socket.IO server and client",
      "install_id": "python-socketio",
      "license": "[ MIT ]",
      "locked_url": "https://github.com/flox/nixpkgs?rev=d70bd19e0a38ad4790d3913bf08fcbfc9eeca507",
      "name": "python3.11-python-socketio-5.11.4",
      "pname": "python-socketio",
      "rev": "d70bd19e0a38ad4790d3913bf08fcbfc9eeca507",
      "rev_count": 724962,
      "rev_date": "2024-12-19T23:01:11Z",
      "scrape_date": "2024-12-23T03:54:12Z",
      "stabilities": [
        "stable",
        "staging",
        "unstable"
      ],
      "unfree": false,
      "version": "5.11.4",
      "outputs_to_install": [
        "out"
      ],
      "outputs": {
        "dist": "/nix/store/mz2c8dizbspkyv8p2ys9s5ylxkmzx2h8-python3.11-python-socketio-5.11.4-dist",
        "out": "/nix/store/1b08x12nphdc6s853fjb1684qa20bjzx-python3.11-python-socketio-5.11.4"
      },
      "system": "x86_64-darwin",
      "group": "toplevel",
      "priority": 5
    },
    {
      "attr_path": "python311Packages.python-socketio",
      "broken": false,
      "derivation": "/nix/store/m77p1m0cc9jgymk7a1az7lk83azxwwzh-python3.11-python-socketio-5.11.4.drv",
      "description": "Python Socket.IO server and client",
      "install_id": "python-socketio",
      "license": "[ MIT ]",
      "locked_url": "https://github.com/flox/nixpkgs?rev=d70bd19e0a38ad4790d3913bf08fcbfc9eeca507",
      "name": "python3.11-python-socketio-5.11.4",
      "pname": "python-socketio",
      "rev": "d70bd19e0a38ad4790d3913bf08fcbfc9eeca507",
      "rev_count": 724962,
      "rev_date": "2024-12-19T23:01:11Z",
      "scrape_date": "2024-12-23T03:54:12Z",
      "stabilities": [
        "stable",
        "staging",
        "unstable"
      ],
      "unfree": false,
      "version": "5.11.4",
      "outputs_to_install": [
        "out"
      ],
      "outputs": {
        "dist": "/nix/store/ic4vi39qb7mn2cv6yp5mx0svkw61ajb9-python3.11-python-socketio-5.11.4-dist",
        "out": "/nix/store/qh5qg9v17zq7q5zizw3wfrcc3kf5khgy-python3.11-python-socketio-5.11.4"
      },
      "system": "x86_64-linux",
      "group": "toplevel",
      "priority": 5
    },
    {
      "attr_path": "python311Packages.requests",
      "broken": false,
      "derivation": "/nix/store/czyfy26wrxx0f005crqg4chdvyavnrik-python3.11-requests-2.32.3.drv",
      "description": "HTTP library for Python",
      "install_id": "requests",
      "license": "Apache-2.0",
      "locked_url": "https://github.com/flox/nixpkgs?rev=d70bd19e0a38ad4790d3913bf08fcbfc9eeca507",
      "name": "python3.11-requests-2.32.3",
      "pname": "requests",
      "rev": "d70bd19e0a38ad4790d3913bf08fcbfc9eeca507",
      "rev_count": 724962,
      "rev_date": "2024-12-19T23:01:11Z",
      "scrape_date": "2024-12-23T03:54:12Z",
      "stabilities": [
        "stable",
        "staging",
        "unstable"
      ],
      "unfree": false,
      "version": "2.32.3",
      "outputs_to_install": [
        "out"
      ],
      "outputs": {
        "dist": "/nix/store/lv6wfysdlp3mqqhnz735mlgc4cxpg85s-python3.11-requests-2.32.3-dist",
        "out": "/nix/store/lw9yzd2gpsxljb5fa2p7mz40l8b9vnqk-python3.11-requests-2.32.3"
      },
      "system": "aarch64-darwin",
      "group": "toplevel",
      "priority": 5
    },
    {
      "attr_path": "python311Packages.requests",
      "broken": false,
      "derivation": "/nix/store/br1700cxhcs8h6k5ri0kdb3x4lhn1swn-python3.11-requests-2.32.3.drv",
      "description": "HTTP library for Python",
      "install_id": "requests",
      "license": "Apache-2.0",
      "locked_url": "https://github.com/flox/nixpkgs?rev=d70bd19e0a38ad4790d3913bf08fcbfc9eeca507",
      "name": "python3.11-requests-2.32.3",
      "pname": "requests",
      "rev": "d70bd19e0a38ad4790d3913bf08fcbfc9eeca507",
      "rev_count": 724962,
      "rev_date": "2024-12-19T23:01:11Z",
      "scrape_date": "2024-12-23T03:54:12Z",
      "stabilities": [
        "stable",
        "staging",
        "unstable"
      ],
      "unfree": false,
      "version": "2.32.3",
      "outputs_to_install": [
        "out"
      ],
      "outputs": {
        "dist": "/nix/store/b8cpavdss5ynjipip41nj3ay22yra58g-python3.11-requests-2.32.3-dist",
        "out": "/nix/store/k80k39my519hph86j0yirhk3f8jsna3m-python3.11-requests-2.32.3"
      },
      "system": "aarch64-linux",
      "group": "toplevel",
      "priority": 5
    },
    {
      "attr_path": "python311Packages.requests",
      "broken": false,
      "derivation": "/nix/store/a3laqssk9a5ag7l19sdh1asnhyi7azrg-python3.11-requests-2.32.3.drv",
      "description": "HTTP library for Python",
      "install_id": "requests",
      "license": "Apache-2.0",
      "locked_url": "https://github.com/flox/nixpkgs?rev=d70bd19e0a38ad4790d3913bf08fcbfc9eeca507",
      "name": "python3.11-requests-2.32.3",
      "pname": "requests",
      "rev": "d70bd19e0a38ad4790d3913bf08fcbfc9eeca507",
      "rev_count": 724962,
      "rev_date": "2024-12-19T23:01:11Z",
      "scrape_date": "2024-12-23T03:54:12Z",
      "stabilities": [
        "stable",
        "staging",
        "unstable"
      ],
      "unfree": false,
      "version": "2.32.3",
      "outputs_to_install": [
        "out"
      ],
      "outputs": {
        "dist": "/nix/store/1n7799rnyszcm6x32hazwcxh0vrhr8k7-python3.11-requests-2.32.3-dist",
        "out": "/nix/store/1yrdw4p35l8fnjsmm8c2iini7prl2ld0-python3.11-requests-2.32.3"
      },
      "system": "x86_64-darwin",
      "group": "toplevel",
      "priority": 5
    },
    {
      "attr_path": "python311Packages.requests",
      "broken": false,
      "derivation": "/nix/store/4jv5wksb2sg37s60b8dd8iy0s5i259l4-python3.11-requests-2.32.3.drv",
      "description": "HTTP library for Python",
      "install_id": "requests",
      "license": "Apache-2.0",
      "locked_url": "https://github.com/flox/nixpkgs?rev=d70bd19e0a38ad4790d3913bf08fcbfc9eeca507",
      "name": "python3.11-requests-2.32.3",
      "pname": "requests",
      "rev": "d70bd19e0a38ad4790d3913bf08fcbfc9eeca507",
      "rev_count": 724962,
      "rev_date": "2024-12-19T23:01:11Z",
      "scrape_date": "2024-12-23T03:54:12Z",
      "stabilities": [
        "stable",
        "staging",
        "unstable"
      ],
      "unfree": false,
      "version": "2.32.3",
      "outputs_to_install": [
        "out"
      ],
      "outputs": {
        "dist": "/nix/store/2xa9mlpngcvy55sy42walblpp7a4amf6-python3.11-requests-2.32.3-dist",
        "out": "/nix/store/43xifg5xlazqdkl0nipjh1mahnhj7lsr-python3.11-requests-2.32.3"
      },
      "system": "x86_64-linux",
      "group": "toplevel",
      "priority": 5
    },
    {
      "attr_path": "python311Packages.sqlalchemy",
      "broken": false,
      "derivation": "/nix/store/dhz3ia72ig37k22a96m11zmrajg8vyw4-python3.11-sqlalchemy-2.0.34.drv",
      "description": "Python SQL toolkit and Object Relational Mapper",
      "install_id": "sqlalchemy",
      "license": "MIT",
      "locked_url": "https://github.com/flox/nixpkgs?rev=d70bd19e0a38ad4790d3913bf08fcbfc9eeca507",
      "name": "python3.11-sqlalchemy-2.0.34",
      "pname": "sqlalchemy",
      "rev": "d70bd19e0a38ad4790d3913bf08fcbfc9eeca507",
      "rev_count": 724962,
      "rev_date": "2024-12-19T23:01:11Z",
      "scrape_date": "2024-12-23T03:54:12Z",
      "stabilities": [
        "stable",
        "staging",
        "unstable"
      ],
      "unfree": false,
      "version": "2.0.34",
      "outputs_to_install": [
        "out"
      ],
      "outputs": {
        "dist": "/nix/store/yqwz492w200iqn52afj3xzchwj5rk96a-python3.11-sqlalchemy-2.0.34-dist",
        "out": "/nix/store/q8a818vwg8almrscgp0cinr60f1x6c8p-python3.11-sqlalchemy-2.0.34"
      },
      "system": "aarch64-darwin",
      "group": "toplevel",
      "priority": 5
    },
    {
      "attr_path": "python311Packages.sqlalchemy",
      "broken": false,
      "derivation": "/nix/store/m4ra0jslkhpj9mmah8x5p30kl9598v3c-python3.11-sqlalchemy-2.0.34.drv",
      "description": "Python SQL toolkit and Object Relational Mapper",
      "install_id": "sqlalchemy",
      "license": "MIT",
      "locked_url": "https://github.com/flox/nixpkgs?rev=d70bd19e0a38ad4790d3913bf08fcbfc9eeca507",
      "name": "python3.11-sqlalchemy-2.0.34",
      "pname": "sqlalchemy",
      "rev": "d70bd19e0a38ad4790d3913bf08fcbfc9eeca507",
      "rev_count": 724962,
      "rev_date": "2024-12-19T23:01:11Z",
      "scrape_date": "2024-12-23T03:54:12Z",
      "stabilities": [
        "stable",
        "staging",
        "unstable"
      ],
      "unfree": false,
      "version": "2.0.34",
      "outputs_to_install": [
        "out"
      ],
      "outputs": {
        "dist": "/nix/store/sl2fm8vs34ykshsj866b4ay9si5bx1nh-python3.11-sqlalchemy-2.0.34-dist",
        "out": "/nix/store/2dra9naw6vlc7f9f6cw4m6h6mywj7nyd-python3.11-sqlalchemy-2.0.34"
      },
      "system": "aarch64-linux",
      "group": "toplevel",
      "priority": 5
    },
    {
      "attr_path": "python311Packages.sqlalchemy",
      "broken": false,
      "derivation": "/nix/store/rc8yb70birx8a9c3h5hjs8z7sc4dnhr0-python3.11-sqlalchemy-2.0.34.drv",
      "description": "Python SQL toolkit and Object Relational Mapper",
      "install_id": "sqlalchemy",
      "license": "MIT",
      "locked_url": "https://github.com/flox/nixpkgs?rev=d70bd19e0a38ad4790d3913bf08fcbfc9eeca507",
      "name": "python3.11-sqlalchemy-2.0.34",
      "pname": "sqlalchemy",
      "rev": "d70bd19e0a38ad4790d3913bf08fcbfc9eeca507",
      "rev_count": 724962,
      "rev_date": "2024-12-19T23:01:11Z",
      "scrape_date": "2024-12-23T03:54:12Z",
      "stabilities": [
        "stable",
        "staging",
        "unstable"
      ],
      "unfree": false,
      "version": "2.0.34",
      "outputs_to_install": [
        "out"
      ],
      "outputs": {
        "dist": "/nix/store/8j2vrqh83dva8bn49pw603dxki0x4b7v-python3.11-sqlalchemy-2.0.34-dist",
        "out": "/nix/store/gq5zmyj8rvkpa36m19xpyx93ijs35znz-python3.11-sqlalchemy-2.0.34"
      },
      "system": "x86_64-darwin",
      "group": "toplevel",
      "priority": 5
    },
    {
      "attr_path": "python311Packages.sqlalchemy",
      "broken": false,
      "derivation": "/nix/store/njq4zkrsnj9yrb5a8qigsdyxpyznswsz-python3.11-sqlalchemy-2.0.34.drv",
      "description": "Python SQL toolkit and Object Relational Mapper",
      "install_id": "sqlalchemy",
      "license": "MIT",
      "locked_url": "https://github.com/flox/nixpkgs?rev=d70bd19e0a38ad4790d3913bf08fcbfc9eeca507",
      "name": "python3.11-sqlalchemy-2.0.34",
      "pname": "sqlalchemy",
      "rev": "d70bd19e0a38ad4790d3913bf08fcbfc9eeca507",
      "rev_count": 724962,
      "rev_date": "2024-12-19T23:01:11Z",
      "scrape_date": "2024-12-23T03:54:12Z",
      "stabilities": [
        "stable",
        "staging",
        "unstable"
      ],
      "unfree": false,
      "version": "2.0.34",
      "outputs_to_install": [
        "out"
      ],
      "outputs": {
        "dist": "/nix/store/325m93lsd654d05ncjg7drznmmsigiaf-python3.11-sqlalchemy-2.0.34-dist",
        "out": "/nix/store/vywmai1ygy1f0qmx7rqa8myxf59jxqic-python3.11-sqlalchemy-2.0.34"
      },
      "system": "x86_64-linux",
      "group": "toplevel",
      "priority": 5
    },
    {
      "attr_path": "python311Packages.web3",
      "broken": false,
      "derivation": "/nix/store/glksagan2pnlyc1p32aw8dkzhjpkp2ja-python3.11-web3-6.5.0.drv",
      "description": "Python interface for interacting with the Ethereum blockchain and ecosystem",
      "install_id": "web3",
      "license": "MIT",
      "locked_url": "https://github.com/flox/nixpkgs?rev=d70bd19e0a38ad4790d3913bf08fcbfc9eeca507",
      "name": "python3.11-web3-6.5.0",
      "pname": "web3",
      "rev": "d70bd19e0a38ad4790d3913bf08fcbfc9eeca507",
      "rev_count": 724962,
      "rev_date": "2024-12-19T23:01:11Z",
      "scrape_date": "2024-12-23T03:54:12Z",
      "stabilities": [
        "stable",
        "staging",
        "unstable"
      ],
      "unfree": false,
      "version": "python3.11-web3-6.5.0",
      "outputs_to_install": [
        "out"
      ],
      "outputs": {
        "dist": "/nix/store/rr3m80yclgxnp4b5yw8mps0zajal13sp-python3.11-web3-6.5.0-dist",
        "out": "/nix/store/l7p9s51ykpbbng7nllw9yljydpgxj7h4-python3.11-web3-6.5.0"
      },
      "system": "aarch64-darwin",
      "group": "toplevel",
      "priority": 5
    },
    {
      "attr_path": "python311Packages.web3",
      "broken": false,
      "derivation": "/nix/store/cgjp51pj8cblsj147sp758dhz3kka7v9-python3.11-web3-6.5.0.drv",
      "description": "Python interface for interacting with the Ethereum blockchain and ecosystem",
      "install_id": "web3",
      "license": "MIT",
      "locked_url": "https://github.com/flox/nixpkgs?rev=d70bd19e0a38ad4790d3913bf08fcbfc9eeca507",
      "name": "python3.11-web3-6.5.0",
      "pname": "web3",
      "rev": "d70bd19e0a38ad4790d3913bf08fcbfc9eeca507",
      "rev_count": 724962,
      "rev_date": "2024-12-19T23:01:11Z",
      "scrape_date": "2024-12-23T03:54:12Z",
      "stabilities": [
        "stable",
        "staging",
        "unstable"
      ],
      "unfree": false,
      "version": "python3.11-web3-6.5.0",
      "outputs_to_install": [
        "out"
      ],
      "outputs": {
        "dist": "/nix/store/yjgj0djfd19wl5lv93hz5m341kf4ysp2-python3.11-web3-6.5.0-dist",
        "out": "/nix/store/697f9zlwwp9hkr5xm6i6fl9zjclxn5nc-python3.11-web3-6.5.0"
      },
      "system": "aarch64-linux",
      "group": "toplevel",
      "priority": 5
    },
    {
      "attr_path": "python311Packages.web3",
      "broken": false,
      "derivation": "/nix/store/3kxkapmspzqhjq9nbvm4izi7sbghzlkq-python3.11-web3-6.5.0.drv",
      "description": "Python interface for interacting with the Ethereum blockchain and ecosystem",
      "install_id": "web3",
      "license": "MIT",
      "locked_url": "https://github.com/flox/nixpkgs?rev=d70bd19e0a38ad4790d3913bf08fcbfc9eeca507",
      "name": "python3.11-web3-6.5.0",
      "pname": "web3",
      "rev": "d70bd19e0a38ad4790d3913bf08fcbfc9eeca507",
      "rev_count": 724962,
      "rev_date": "2024-12-19T23:01:11Z",
      "scrape_date": "2024-12-23T03:54:12Z",
      "stabilities": [
        "stable",
        "staging",
        "unstable"
      ],
      "unfree": false,
      "version": "python3.11-web3-6.5.0",
      "outputs_to_install": [
        "out"
      ],
      "outputs": {
        "dist": "/nix/store/kpp76v391q61qbrjn79g8iychly2h9x7-python3.11-web3-6.5.0-dist",
        "out": "/nix/store/cbsw6lr7cszw59i85y21z6zdh0nj4crj-python3.11-web3-6.5.0"
      },
      "system": "x86_64-darwin",
      "group": "toplevel",
      "priority": 5
    },
    {
      "attr_path": "python311Packages.web3",
      "broken": false,
      "derivation": "/nix/store/rqh9ngsc35l692d5iprzwcv3dmznjs8w-python3.11-web3-6.5.0.drv",
      "description": "Python interface for interacting with the Ethereum blockchain and ecosystem",
      "install_id": "web3",
      "license": "MIT",
      "locked_url": "https://github.com/flox/nixpkgs?rev=d70bd19e0a38ad4790d3913bf08fcbfc9eeca507",
      "name": "python3.11-web3-6.5.0",
      "pname": "web3",
      "rev": "d70bd19e0a38ad4790d3913bf08fcbfc9eeca507",
      "rev_count": 724962,
      "rev_date": "2024-12-19T23:01:11Z",
      "scrape_date": "2024-12-23T03:54:12Z",
      "stabilities": [
        "stable",
        "staging",
        "unstable"
      ],
      "unfree": false,
      "version": "python3.11-web3-6.5.0",
      "outputs_to_install": [
        "out"
      ],
      "outputs": {
        "dist": "/nix/store/pm5h8j5wa8k8fv0y1s26kyd8kbgi7r1s-python3.11-web3-6.5.0-dist",
        "out": "/nix/store/1mbg61asyd7cxahs58g50sn9zz5dwr7k-python3.11-web3-6.5.0"
      },
      "system": "x86_64-linux",
      "group": "toplevel",
      "priority": 5
    }
  ]
}