{
  "lockfile-version": 1,
  "manifest": {
    "version": 1,
    "install": {
      "calysto": {
        "pkg-path": "python313Packages.calysto"
      },
      "ffmpeg": {
        "pkg-path": "ffmpeg"
      },
      "hy": {
        "pkg-path": "hy"
      },
      "jupyter": {
        "pkg-path": "python313Packages.jupyter"
      },
      "python313Full": {
        "pkg-path": "python313Full"
      },
      "spyder": {
        "pkg-path": "python313Packages.spyder",
        "systems": [
          "aarch64-linux",
          "x86_64-linux"
        ]
      },
      "sqlite": {
        "pkg-path": "sqlite"
      },
      "uv": {
        "pkg-path": "uv"
      }
    },
    "hook": {
      "on-activate": "  # -> Set variables, create files and directories\n  # -> Perform initialization steps, e.g. create a python venv\n  # -> Useful environment variables:\n  #      - FLOX_ENV_PROJECT=/home/user/example\n  #      - FLOX_ENV=/home/user/example/.flox/run\n  #      - FLOX_ENV_CACHE=/home/user/example/.flox/cache\n  \n  if [[ ! -z $DEV ]]; then\n    export GOBIN=\"${FLOX_ENV_CACHE}/go/bin/\"\n    mkdir -p \"${GOBIN}\"\n    go install \"github.com/isaacphi/mcp-language-server@latest\"\n    export PATH=\"${GOBIN}:${PATH}\"\n  fi\n  \n  uv python install 3.13\n  uv venv\n  source \"${FLOX_ENV_PROJECT}/.venv/bin/activate\"\n  uv sync\n  \n  echo \"Beige-book environment activated\"\n"
    },
    "profile": {},
    "options": {
      "systems": [
        "aarch64-darwin",
        "aarch64-linux",
        "x86_64-darwin",
        "x86_64-linux"
      ]
    }
  },
  "packages": [
    {
      "attr_path": "python313Packages.calysto",
      "broken": false,
      "derivation": "/nix/store/51iymcahn2v1fb4szcfyzkm114x1ccdr-python3.13-calysto-1.0.6.drv",
      "description": "Tools for Jupyter and Python",
      "install_id": "calysto",
      "license": "BSD-2-Clause",
      "locked_url": "https://github.com/flox/nixpkgs?rev=dc9637876d0dcc8c9e5e22986b857632effeb727",
      "name": "python3.13-calysto-1.0.6",
      "pname": "calysto",
      "rev": "dc9637876d0dcc8c9e5e22986b857632effeb727",
      "rev_count": 836203,
      "rev_date": "2025-07-28T09:26:29Z",
      "scrape_date": "2025-07-30T00:28:24.081272Z",
      "stabilities": [
        "unstable"
      ],
      "unfree": false,
      "version": "1.0.6",
      "outputs_to_install": [
        "out"
      ],
      "outputs": {
        "dist": "/nix/store/ijh5sqcxykv5hmqrp3zp08ydqvii7b73-python3.13-calysto-1.0.6-dist",
        "out": "/nix/store/s4c50qyb4bav5flndv7mxmh3babkrf49-python3.13-calysto-1.0.6"
      },
      "system": "aarch64-darwin",
      "group": "toplevel",
      "priority": 5
    },
    {
      "attr_path": "python313Packages.calysto",
      "broken": false,
      "derivation": "/nix/store/4sh6d0mcvscyz8wbh7y8spqmjdpz0gvd-python3.13-calysto-1.0.6.drv",
      "description": "Tools for Jupyter and Python",
      "install_id": "calysto",
      "license": "BSD-2-Clause",
      "locked_url": "https://github.com/flox/nixpkgs?rev=dc9637876d0dcc8c9e5e22986b857632effeb727",
      "name": "python3.13-calysto-1.0.6",
      "pname": "calysto",
      "rev": "dc9637876d0dcc8c9e5e22986b857632effeb727",
      "rev_count": 836203,
      "rev_date": "2025-07-28T09:26:29Z",
      "scrape_date": "2025-07-30T00:48:16.636332Z",
      "stabilities": [
        "unstable"
      ],
      "unfree": false,
      "version": "1.0.6",
      "outputs_to_install": [
        "out"
      ],
      "outputs": {
        "dist": "/nix/store/zzdb2cpks01x7rwv7z6ap3rdivkwczrn-python3.13-calysto-1.0.6-dist",
        "out": "/nix/store/99lf8wmqmas4yj7q0sia8g1yvdj4kr26-python3.13-calysto-1.0.6"
      },
      "system": "aarch64-linux",
      "group": "toplevel",
      "priority": 5
    },
    {
      "attr_path": "python313Packages.calysto",
      "broken": false,
      "derivation": "/nix/store/k201xz6zp4jq5qldaa3pbdrprl01jqkd-python3.13-calysto-1.0.6.drv",
      "description": "Tools for Jupyter and Python",
      "install_id": "calysto",
      "license": "BSD-2-Clause",
      "locked_url": "https://github.com/flox/nixpkgs?rev=dc9637876d0dcc8c9e5e22986b857632effeb727",
      "name": "python3.13-calysto-1.0.6",
      "pname": "calysto",
      "rev": "dc9637876d0dcc8c9e5e22986b857632effeb727",
      "rev_count": 836203,
      "rev_date": "2025-07-28T09:26:29Z",
      "scrape_date": "2025-07-30T01:07:44.543662Z",
      "stabilities": [
        "unstable"
      ],
      "unfree": false,
      "version": "1.0.6",
      "outputs_to_install": [
        "out"
      ],
      "outputs": {
        "dist": "/nix/store/qjwiadzrb6zi8kkj49q8ix6sml4ad7lj-python3.13-calysto-1.0.6-dist",
        "out": "/nix/store/xv5am79griyrfw7hfwxkangwvzsf8l5s-python3.13-calysto-1.0.6"
      },
      "system": "x86_64-darwin",
      "group": "toplevel",
      "priority": 5
    },
    {
      "attr_path": "python313Packages.calysto",
      "broken": false,
      "derivation": "/nix/store/p8gkbn934n6s2p9z9qc48w64wfv11nyj-python3.13-calysto-1.0.6.drv",
      "description": "Tools for Jupyter and Python",
      "install_id": "calysto",
      "license": "BSD-2-Clause",
      "locked_url": "https://github.com/flox/nixpkgs?rev=dc9637876d0dcc8c9e5e22986b857632effeb727",
      "name": "python3.13-calysto-1.0.6",
      "pname": "calysto",
      "rev": "dc9637876d0dcc8c9e5e22986b857632effeb727",
      "rev_count": 836203,
      "rev_date": "2025-07-28T09:26:29Z",
      "scrape_date": "2025-07-30T01:31:59.859963Z",
      "stabilities": [
        "unstable"
      ],
      "unfree": false,
      "version": "1.0.6",
      "outputs_to_install": [
        "out"
      ],
      "outputs": {
        "dist": "/nix/store/m3lp1l750ycpnw0g6h34yqriwixs037a-python3.13-calysto-1.0.6-dist",
        "out": "/nix/store/l5ysfmpwwcmsc6mckp5cdxzxdhlmaxla-python3.13-calysto-1.0.6"
      },
      "system": "x86_64-linux",
      "group": "toplevel",
      "priority": 5
    },
    {
      "attr_path": "ffmpeg",
      "broken": false,
      "derivation": "/nix/store/lhc3d03bmclcp701d0gaam8b68q9wnqr-ffmpeg-7.1.1.drv",
      "description": "Complete, cross-platform solution to record, convert and stream audio and video",
      "install_id": "ffmpeg",
      "license": "[ LGPL-2.1-or-later, GPL-2.0-or-later, LGPL-3.0-or-later, GPL-3.0-or-later ]",
      "locked_url": "https://github.com/flox/nixpkgs?rev=dc9637876d0dcc8c9e5e22986b857632effeb727",
      "name": "ffmpeg-7.1.1",
      "pname": "ffmpeg",
      "rev": "dc9637876d0dcc8c9e5e22986b857632effeb727",
      "rev_count": 836203,
      "rev_date": "2025-07-28T09:26:29Z",
      "scrape_date": "2025-07-30T00:28:05.355646Z",
      "stabilities": [
        "unstable"
      ],
      "unfree": false,
      "version": "7.1.1",
      "outputs_to_install": [
        "bin",
        "man"
      ],
      "outputs": {
        "bin": "/nix/store/gkgrqbp39zvrbmkk1alq98sxxs0ra09i-ffmpeg-7.1.1-bin",
        "data": "/nix/store/b8pdx5iq32fpg84pl8fplhgljlfg0mrz-ffmpeg-7.1.1-data",
        "dev": "/nix/store/1abzm62nfgzmpw6s6npz1rin6ppfcqzg-ffmpeg-7.1.1-dev",
        "doc": "/nix/store/q59425ijrbidn14py0vwx65h4zkq3snx-ffmpeg-7.1.1-doc",
        "lib": "/nix/store/7zcgjn45sfnm41n2slc5wwv0r50jz4yc-ffmpeg-7.1.1-lib",
        "man": "/nix/store/8dvz9qflvfzaq5gppmh8fzhs9qn8spjm-ffmpeg-7.1.1-man",
        "out": "/nix/store/gc39pwvnpqsrn71bz63kakg7ylrfzmc7-ffmpeg-7.1.1"
      },
      "system": "aarch64-darwin",
      "group": "toplevel",
      "priority": 5
    },
    {
      "attr_path": "ffmpeg",
      "broken": false,
      "derivation": "/nix/store/0ffvn2bs5fjwypphcpj36ifvfzqzahgx-ffmpeg-7.1.1.drv",
      "description": "Complete, cross-platform solution to record, convert and stream audio and video",
      "install_id": "ffmpeg",
      "license": "[ LGPL-2.1-or-later, GPL-2.0-or-later, LGPL-3.0-or-later, GPL-3.0-or-later ]",
      "locked_url": "https://github.com/flox/nixpkgs?rev=dc9637876d0dcc8c9e5e22986b857632effeb727",
      "name": "ffmpeg-7.1.1",
      "pname": "ffmpeg",
      "rev": "dc9637876d0dcc8c9e5e22986b857632effeb727",
      "rev_count": 836203,
      "rev_date": "2025-07-28T09:26:29Z",
      "scrape_date": "2025-07-30T00:47:41.213282Z",
      "stabilities": [
        "unstable"
      ],
      "unfree": false,
      "version": "7.1.1",
      "outputs_to_install": [
        "bin",
        "man"
      ],
      "outputs": {
        "bin": "/nix/store/611i8s479ln8rf3j2fbbbq1l9hdk4i67-ffmpeg-7.1.1-bin",
        "data": "/nix/store/1cfffndq9rf121jmw3nbl3mwkhihhp4v-ffmpeg-7.1.1-data",
        "dev": "/nix/store/9avsfi3anri888m7mfpi3vs2agqbp93x-ffmpeg-7.1.1-dev",
        "doc": "/nix/store/0rjaz9j0qd76jv0d1b4miv85kyn6vi6h-ffmpeg-7.1.1-doc",
        "lib": "/nix/store/la9cjmn1y069ldhpzvdkg719hadb3rri-ffmpeg-7.1.1-lib",
        "man": "/nix/store/wrjizy5ilzsnfkvcjqpprdrc9bi128y9-ffmpeg-7.1.1-man",
        "out": "/nix/store/nrsbrmbnyz1cz4yq8irwl76n3qm90cnh-ffmpeg-7.1.1"
      },
      "system": "aarch64-linux",
      "group": "toplevel",
      "priority": 5
    },
    {
      "attr_path": "ffmpeg",
      "broken": false,
      "derivation": "/nix/store/f40irzprd71xlriwzbdb0mi4n8km5c42-ffmpeg-7.1.1.drv",
      "description": "Complete, cross-platform solution to record, convert and stream audio and video",
      "install_id": "ffmpeg",
      "license": "[ LGPL-2.1-or-later, GPL-2.0-or-later, LGPL-3.0-or-later, GPL-3.0-or-later ]",
      "locked_url": "https://github.com/flox/nixpkgs?rev=dc9637876d0dcc8c9e5e22986b857632effeb727",
      "name": "ffmpeg-7.1.1",
      "pname": "ffmpeg",
      "rev": "dc9637876d0dcc8c9e5e22986b857632effeb727",
      "rev_count": 836203,
      "rev_date": "2025-07-28T09:26:29Z",
      "scrape_date": "2025-07-30T01:07:25.668165Z",
      "stabilities": [
        "unstable"
      ],
      "unfree": false,
      "version": "7.1.1",
      "outputs_to_install": [
        "bin",
        "man"
      ],
      "outputs": {
        "bin": "/nix/store/7m9y5qgxrpf6hl8q2gl4c1fmgabyngi1-ffmpeg-7.1.1-bin",
        "data": "/nix/store/lvqs2k281yv6c9d629jxd4k6cyax64g2-ffmpeg-7.1.1-data",
        "dev": "/nix/store/c1qnpg1sr7ka9ifb3asdgwry2x1bjy47-ffmpeg-7.1.1-dev",
        "doc": "/nix/store/cdjqmy6i8lnsw9km19jk2aqjz9djqj1f-ffmpeg-7.1.1-doc",
        "lib": "/nix/store/y94dz1xxvvwhmry0gy65abnh1kx6ipi4-ffmpeg-7.1.1-lib",
        "man": "/nix/store/vdbyl17npnpjnwg5709fmnzsz1yb8y4l-ffmpeg-7.1.1-man",
        "out": "/nix/store/29750146f2chlkanzpffvs21kcgfxlkx-ffmpeg-7.1.1"
      },
      "system": "x86_64-darwin",
      "group": "toplevel",
      "priority": 5
    },
    {
      "attr_path": "ffmpeg",
      "broken": false,
      "derivation": "/nix/store/19sa2g8q5y8ky1zdvah2kvy4pw79n9ci-ffmpeg-7.1.1.drv",
      "description": "Complete, cross-platform solution to record, convert and stream audio and video",
      "install_id": "ffmpeg",
      "license": "[ LGPL-2.1-or-later, GPL-2.0-or-later, LGPL-3.0-or-later, GPL-3.0-or-later ]",
      "locked_url": "https://github.com/flox/nixpkgs?rev=dc9637876d0dcc8c9e5e22986b857632effeb727",
      "name": "ffmpeg-7.1.1",
      "pname": "ffmpeg",
      "rev": "dc9637876d0dcc8c9e5e22986b857632effeb727",
      "rev_count": 836203,
      "rev_date": "2025-07-28T09:26:29Z",
      "scrape_date": "2025-07-30T01:31:21.172723Z",
      "stabilities": [
        "unstable"
      ],
      "unfree": false,
      "version": "7.1.1",
      "outputs_to_install": [
        "bin",
        "man"
      ],
      "outputs": {
        "bin": "/nix/store/apsks1qb01pjn8q4g3ypl1rbsgz6vvyc-ffmpeg-7.1.1-bin",
        "data": "/nix/store/h9idg6pqrfa1hv33ns3slkak416jfx9h-ffmpeg-7.1.1-data",
        "dev": "/nix/store/18zwbjlmwnmxanrlhiwjs0ppcdv9phfj-ffmpeg-7.1.1-dev",
        "doc": "/nix/store/sy8l9q3knk2x0h9ywa23v58aiv98j104-ffmpeg-7.1.1-doc",
        "lib": "/nix/store/z5dk1v08a5w269l5i4702yrs5rqwp2g9-ffmpeg-7.1.1-lib",
        "man": "/nix/store/y7vyzxw0pdaqdbn1ahz9bjp0hipnwnhv-ffmpeg-7.1.1-man",
        "out": "/nix/store/83fdi7gqayqyr898xlplnck7qapz98nm-ffmpeg-7.1.1"
      },
      "system": "x86_64-linux",
      "group": "toplevel",
      "priority": 5
    },
    {
      "attr_path": "hy",
      "broken": false,
      "derivation": "/nix/store/hjr4fccnkjgzwrx6m2zl5f2mriib9fwr-python3.13-hy-1.1.0.drv",
      "description": "LISP dialect embedded in Python",
      "install_id": "hy",
      "license": "MIT",
      "locked_url": "https://github.com/flox/nixpkgs?rev=dc9637876d0dcc8c9e5e22986b857632effeb727",
      "name": "hy-1.1.0",
      "pname": "hy",
      "rev": "dc9637876d0dcc8c9e5e22986b857632effeb727",
      "rev_count": 836203,
      "rev_date": "2025-07-28T09:26:29Z",
      "scrape_date": "2025-07-30T00:28:05.934012Z",
      "stabilities": [
        "unstable"
      ],
      "unfree": false,
      "version": "1.1.0",
      "outputs_to_install": [
        "out"
      ],
      "outputs": {
        "dist": "/nix/store/gf175f1zkgvv7raxkl5ikinjqqx68k7p-python3.13-hy-1.1.0-dist",
        "out": "/nix/store/gicfn4a0wdkvlyi7fkx1ilxv64frf632-python3.13-hy-1.1.0"
      },
      "system": "aarch64-darwin",
      "group": "toplevel",
      "priority": 5
    },
    {
      "attr_path": "hy",
      "broken": false,
      "derivation": "/nix/store/nhgh1rw6w3qzh0p1ki9dz6wphccqqg5p-python3.13-hy-1.1.0.drv",
      "description": "LISP dialect embedded in Python",
      "install_id": "hy",
      "license": "MIT",
      "locked_url": "https://github.com/flox/nixpkgs?rev=dc9637876d0dcc8c9e5e22986b857632effeb727",
      "name": "hy-1.1.0",
      "pname": "hy",
      "rev": "dc9637876d0dcc8c9e5e22986b857632effeb727",
      "rev_count": 836203,
      "rev_date": "2025-07-28T09:26:29Z",
      "scrape_date": "2025-07-30T00:47:42.902842Z",
      "stabilities": [
        "unstable"
      ],
      "unfree": false,
      "version": "1.1.0",
      "outputs_to_install": [
        "out"
      ],
      "outputs": {
        "dist": "/nix/store/b0hq80761xsz8qc1wqaqidi82ciiirx7-python3.13-hy-1.1.0-dist",
        "out": "/nix/store/wbkvjzgk7y8hq1w3ig7bln477z7aihdr-python3.13-hy-1.1.0"
      },
      "system": "aarch64-linux",
      "group": "toplevel",
      "priority": 5
    },
    {
      "attr_path": "hy",
      "broken": false,
      "derivation": "/nix/store/z5ff0njzwbx3qkwq0cfbpf7qpcia3pha-python3.13-hy-1.1.0.drv",
      "description": "LISP dialect embedded in Python",
      "install_id": "hy",
      "license": "MIT",
      "locked_url": "https://github.com/flox/nixpkgs?rev=dc9637876d0dcc8c9e5e22986b857632effeb727",
      "name": "hy-1.1.0",
      "pname": "hy",
      "rev": "dc9637876d0dcc8c9e5e22986b857632effeb727",
      "rev_count": 836203,
      "rev_date": "2025-07-28T09:26:29Z",
      "scrape_date": "2025-07-30T01:07:26.291424Z",
      "stabilities": [
        "unstable"
      ],
      "unfree": false,
      "version": "1.1.0",
      "outputs_to_install": [
        "out"
      ],
      "outputs": {
        "dist": "/nix/store/nqgvjn1j1cnyzldwh6nqdl4mjmzysy8w-python3.13-hy-1.1.0-dist",
        "out": "/nix/store/6sxmjmbdkp9lnkp6ai23rka7lhwxhrz5-python3.13-hy-1.1.0"
      },
      "system": "x86_64-darwin",
      "group": "toplevel",
      "priority": 5
    },
    {
      "attr_path": "hy",
      "broken": false,
      "derivation": "/nix/store/5cmxsk91v1c7wj9a9l4m0mwgx1njrf0b-python3.13-hy-1.1.0.drv",
      "description": "LISP dialect embedded in Python",
      "install_id": "hy",
      "license": "MIT",
      "locked_url": "https://github.com/flox/nixpkgs?rev=dc9637876d0dcc8c9e5e22986b857632effeb727",
      "name": "hy-1.1.0",
      "pname": "hy",
      "rev": "dc9637876d0dcc8c9e5e22986b857632effeb727",
      "rev_count": 836203,
      "rev_date": "2025-07-28T09:26:29Z",
      "scrape_date": "2025-07-30T01:31:22.994040Z",
      "stabilities": [
        "unstable"
      ],
      "unfree": false,
      "version": "1.1.0",
      "outputs_to_install": [
        "out"
      ],
      "outputs": {
        "dist": "/nix/store/4s5p535fgilnq52x54cqdyd1avslyqmx-python3.13-hy-1.1.0-dist",
        "out": "/nix/store/ffmicfr50jzygi9krmssgy4vzx3f44hi-python3.13-hy-1.1.0"
      },
      "system": "x86_64-linux",
      "group": "toplevel",
      "priority": 5
    },
    {
      "attr_path": "python313Packages.jupyter",
      "broken": false,
      "derivation": "/nix/store/fa6gnwgrhrqrys753pv3bz4gjxbm98jd-python3.13-jupyter-1.1.1.drv",
      "description": "Installs all the Jupyter components in one go",
      "install_id": "jupyter",
      "license": "BSD-3-Clause",
      "locked_url": "https://github.com/flox/nixpkgs?rev=dc9637876d0dcc8c9e5e22986b857632effeb727",
      "name": "python3.13-jupyter-1.1.1",
      "pname": "jupyter",
      "rev": "dc9637876d0dcc8c9e5e22986b857632effeb727",
      "rev_count": 836203,
      "rev_date": "2025-07-28T09:26:29Z",
      "scrape_date": "2025-07-30T00:28:26.795155Z",
      "stabilities": [
        "unstable"
      ],
      "unfree": false,
      "version": "1.1.1",
      "outputs_to_install": [
        "out"
      ],
      "outputs": {
        "dist": "/nix/store/g6wyysk0z7b4i3rl0mal83nrvdnm2h2g-python3.13-jupyter-1.1.1-dist",
        "out": "/nix/store/c1j9c1j5xfr2mpbndsa1126bbr6vxbpc-python3.13-jupyter-1.1.1"
      },
      "system": "aarch64-darwin",
      "group": "toplevel",
      "priority": 5
    },
    {
      "attr_path": "python313Packages.jupyter",
      "broken": false,
      "derivation": "/nix/store/jg5zmyi3j5jn20s01c4ii4aviwm10d76-python3.13-jupyter-1.1.1.drv",
      "description": "Installs all the Jupyter components in one go",
      "install_id": "jupyter",
      "license": "BSD-3-Clause",
      "locked_url": "https://github.com/flox/nixpkgs?rev=dc9637876d0dcc8c9e5e22986b857632effeb727",
      "name": "python3.13-jupyter-1.1.1",
      "pname": "jupyter",
      "rev": "dc9637876d0dcc8c9e5e22986b857632effeb727",
      "rev_count": 836203,
      "rev_date": "2025-07-28T09:26:29Z",
      "scrape_date": "2025-07-30T00:48:20.477258Z",
      "stabilities": [
        "unstable"
      ],
      "unfree": false,
      "version": "1.1.1",
      "outputs_to_install": [
        "out"
      ],
      "outputs": {
        "dist": "/nix/store/mxwk99j0vxh67iqyf92xhhx885d6kfll-python3.13-jupyter-1.1.1-dist",
        "out": "/nix/store/wjrd3k2ygmn0xxxgiil6z09nj5ykmcjh-python3.13-jupyter-1.1.1"
      },
      "system": "aarch64-linux",
      "group": "toplevel",
      "priority": 5
    },
    {
      "attr_path": "python313Packages.jupyter",
      "broken": false,
      "derivation": "/nix/store/svd8yqjn9krwv5qmmsjsn33jypi6phfw-python3.13-jupyter-1.1.1.drv",
      "description": "Installs all the Jupyter components in one go",
      "install_id": "jupyter",
      "license": "BSD-3-Clause",
      "locked_url": "https://github.com/flox/nixpkgs?rev=dc9637876d0dcc8c9e5e22986b857632effeb727",
      "name": "python3.13-jupyter-1.1.1",
      "pname": "jupyter",
      "rev": "dc9637876d0dcc8c9e5e22986b857632effeb727",
      "rev_count": 836203,
      "rev_date": "2025-07-28T09:26:29Z",
      "scrape_date": "2025-07-30T01:07:47.266040Z",
      "stabilities": [
        "unstable"
      ],
      "unfree": false,
      "version": "1.1.1",
      "outputs_to_install": [
        "out"
      ],
      "outputs": {
        "dist": "/nix/store/0skcwdwr7x3n0kkafsi3k5jkya0f0bf3-python3.13-jupyter-1.1.1-dist",
        "out": "/nix/store/233pm9r6mj483xbjknn8vrls5aas01vm-python3.13-jupyter-1.1.1"
      },
      "system": "x86_64-darwin",
      "group": "toplevel",
      "priority": 5
    },
    {
      "attr_path": "python313Packages.jupyter",
      "broken": false,
      "derivation": "/nix/store/yc3zl6x69mhga3b5vapbma34wzgl4pka-python3.13-jupyter-1.1.1.drv",
      "description": "Installs all the Jupyter components in one go",
      "install_id": "jupyter",
      "license": "BSD-3-Clause",
      "locked_url": "https://github.com/flox/nixpkgs?rev=dc9637876d0dcc8c9e5e22986b857632effeb727",
      "name": "python3.13-jupyter-1.1.1",
      "pname": "jupyter",
      "rev": "dc9637876d0dcc8c9e5e22986b857632effeb727",
      "rev_count": 836203,
      "rev_date": "2025-07-28T09:26:29Z",
      "scrape_date": "2025-07-30T01:32:03.881105Z",
      "stabilities": [
        "unstable"
      ],
      "unfree": false,
      "version": "1.1.1",
      "outputs_to_install": [
        "out"
      ],
      "outputs": {
        "dist": "/nix/store/2dkid2l6j66af4lw4k0y3azh5r77a7cc-python3.13-jupyter-1.1.1-dist",
        "out": "/nix/store/zwhgdra1kfwh8xrmi9ywpvv82ycg9xqr-python3.13-jupyter-1.1.1"
      },
      "system": "x86_64-linux",
      "group": "toplevel",
      "priority": 5
    },
    {
      "attr_path": "python313Full",
      "broken": false,
      "derivation": "/nix/store/8xg50vmd0qzksd6ryyl1hswpwqqm3zz4-python3-3.13.5.drv",
      "description": "High-level dynamically-typed programming language",
      "install_id": "python313Full",
      "license": "Python-2.0",
      "locked_url": "https://github.com/flox/nixpkgs?rev=dc9637876d0dcc8c9e5e22986b857632effeb727",
      "name": "python3-3.13.5",
      "pname": "python313Full",
      "rev": "dc9637876d0dcc8c9e5e22986b857632effeb727",
      "rev_count": 836203,
      "rev_date": "2025-07-28T09:26:29Z",
      "scrape_date": "2025-07-30T00:28:22.997467Z",
      "stabilities": [
        "unstable"
      ],
      "unfree": false,
      "version": "python3-3.13.5",
      "outputs_to_install": [
        "out"
      ],
      "outputs": {
        "out": "/nix/store/fdgqvcsdlqjgzww2p17sy91vvx73cl7j-python3-3.13.5"
      },
      "system": "aarch64-darwin",
      "group": "toplevel",
      "priority": 5
    },
    {
      "attr_path": "python313Full",
      "broken": false,
      "derivation": "/nix/store/pvd30191pkqqhw444wi7r81s4a00niq9-python3-3.13.5.drv",
      "description": "High-level dynamically-typed programming language",
      "install_id": "python313Full",
      "license": "Python-2.0",
      "locked_url": "https://github.com/flox/nixpkgs?rev=dc9637876d0dcc8c9e5e22986b857632effeb727",
      "name": "python3-3.13.5",
      "pname": "python313Full",
      "rev": "dc9637876d0dcc8c9e5e22986b857632effeb727",
      "rev_count": 836203,
      "rev_date": "2025-07-28T09:26:29Z",
      "scrape_date": "2025-07-30T00:48:15.066972Z",
      "stabilities": [
        "unstable"
      ],
      "unfree": false,
      "version": "python3-3.13.5",
      "outputs_to_install": [
        "out"
      ],
      "outputs": {
        "debug": "/nix/store/j9bqd7hismpyqsd48sd9r824fs8wxld1-python3-3.13.5-debug",
        "out": "/nix/store/imjii7yg48sisx3bz5va5cminczbq6r6-python3-3.13.5"
      },
      "system": "aarch64-linux",
      "group": "toplevel",
      "priority": 5
    },
    {
      "attr_path": "python313Full",
      "broken": false,
      "derivation": "/nix/store/0547y4qqi52siyw7awbwms5nn82z30r9-python3-3.13.5.drv",
      "description": "High-level dynamically-typed programming language",
      "install_id": "python313Full",
      "license": "Python-2.0",
      "locked_url": "https://github.com/flox/nixpkgs?rev=dc9637876d0dcc8c9e5e22986b857632effeb727",
      "name": "python3-3.13.5",
      "pname": "python313Full",
      "rev": "dc9637876d0dcc8c9e5e22986b857632effeb727",
      "rev_count": 836203,
      "rev_date": "2025-07-28T09:26:29Z",
      "scrape_date": "2025-07-30T01:07:43.456013Z",
      "stabilities": [
        "unstable"
      ],
      "unfree": false,
      "version": "python3-3.13.5",
      "outputs_to_install": [
        "out"
      ],
      "outputs": {
        "out": "/nix/store/cm73ahxfy47vyxhj6ighqs0p64l31lyh-python3-3.13.5"
      },
      "system": "x86_64-darwin",
      "group": "toplevel",
      "priority": 5
    },
    {
      "attr_path": "python313Full",
      "broken": false,
      "derivation": "/nix/store/2wwxhrs72wbfxp35jmx9h8rmi18i5s9b-python3-3.13.5.drv",
      "description": "High-level dynamically-typed programming language",
      "install_id": "python313Full",
      "license": "Python-2.0",
      "locked_url": "https://github.com/flox/nixpkgs?rev=dc9637876d0dcc8c9e5e22986b857632effeb727",
      "name": "python3-3.13.5",
      "pname": "python313Full",
      "rev": "dc9637876d0dcc8c9e5e22986b857632effeb727",
      "rev_count": 836203,
      "rev_date": "2025-07-28T09:26:29Z",
      "scrape_date": "2025-07-30T01:31:58.219162Z",
      "stabilities": [
        "unstable"
      ],
      "unfree": false,
      "version": "python3-3.13.5",
      "outputs_to_install": [
        "out"
      ],
      "outputs": {
        "debug": "/nix/store/lxka855zb94nlg4ir5y9pi32yqlbzlkv-python3-3.13.5-debug",
        "out": "/nix/store/kl67434pm6yih34v0bz2ss0f5kzin00i-python3-3.13.5"
      },
      "system": "x86_64-linux",
      "group": "toplevel",
      "priority": 5
    },
    {
      "attr_path": "python313Packages.spyder",
      "broken": false,
      "derivation": "/nix/store/a6gi2l3y36f7k2896r8v7mvy99g3i76d-python3.13-spyder-6.1.0a2.drv",
      "description": "Scientific python development environment",
      "install_id": "spyder",
      "license": "MIT",
      "locked_url": "https://github.com/flox/nixpkgs?rev=dc9637876d0dcc8c9e5e22986b857632effeb727",
      "name": "python3.13-spyder-6.1.0a2",
      "pname": "spyder",
      "rev": "dc9637876d0dcc8c9e5e22986b857632effeb727",
      "rev_count": 836203,
      "rev_date": "2025-07-28T09:26:29Z",
      "scrape_date": "2025-07-30T00:48:28.001493Z",
      "stabilities": [
        "unstable"
      ],
      "unfree": false,
      "version": "6.1.0a2",
      "outputs_to_install": [
        "out"
      ],
      "outputs": {
        "dist": "/nix/store/7lkllxs6bm6fzqmx4gcw0adyb003dnb3-python3.13-spyder-6.1.0a2-dist",
        "out": "/nix/store/cb2100bikwxq1291ki4d0xvh86bzsrgl-python3.13-spyder-6.1.0a2"
      },
      "system": "aarch64-linux",
      "group": "toplevel",
      "priority": 5
    },
    {
      "attr_path": "python313Packages.spyder",
      "broken": false,
      "derivation": "/nix/store/6lbxwn523yfaqw6rriywafs1yxxbm5bg-python3.13-spyder-6.1.0a2.drv",
      "description": "Scientific python development environment",
      "install_id": "spyder",
      "license": "MIT",
      "locked_url": "https://github.com/flox/nixpkgs?rev=dc9637876d0dcc8c9e5e22986b857632effeb727",
      "name": "python3.13-spyder-6.1.0a2",
      "pname": "spyder",
      "rev": "dc9637876d0dcc8c9e5e22986b857632effeb727",
      "rev_count": 836203,
      "rev_date": "2025-07-28T09:26:29Z",
      "scrape_date": "2025-07-30T01:32:11.720734Z",
      "stabilities": [
        "unstable"
      ],
      "unfree": false,
      "version": "6.1.0a2",
      "outputs_to_install": [
        "out"
      ],
      "outputs": {
        "dist": "/nix/store/58l7zgvyhpjml0hdikm741z06qwkdi0x-python3.13-spyder-6.1.0a2-dist",
        "out": "/nix/store/w8x340l8ilwwbmnm86m9979yqyss1jm3-python3.13-spyder-6.1.0a2"
      },
      "system": "x86_64-linux",
      "group": "toplevel",
      "priority": 5
    },
    {
      "attr_path": "sqlite",
      "broken": false,
      "derivation": "/nix/store/gm0hd0ws14agsdvwb7vdhzhlivl0b6n5-sqlite-3.50.2.drv",
      "description": "Self-contained, serverless, zero-configuration, transactional SQL database engine",
      "install_id": "sqlite",
      "license": "Public Domain",
      "locked_url": "https://github.com/flox/nixpkgs?rev=dc9637876d0dcc8c9e5e22986b857632effeb727",
      "name": "sqlite-3.50.2",
      "pname": "sqlite",
      "rev": "dc9637876d0dcc8c9e5e22986b857632effeb727",
      "rev_count": 836203,
      "rev_date": "2025-07-28T09:26:29Z",
      "scrape_date": "2025-07-30T00:28:47.155850Z",
      "stabilities": [
        "unstable"
      ],
      "unfree": false,
      "version": "3.50.2",
      "outputs_to_install": [
        "bin",
        "man"
      ],
      "outputs": {
        "bin": "/nix/store/35z7rb3gd23yfcgfssy8g7qw3dpd7q9p-sqlite-3.50.2-bin",
        "dev": "/nix/store/fnwnbb72xsrx67hlq995yrsliwpl08pl-sqlite-3.50.2-dev",
        "doc": "/nix/store/bbg63w1qynzsvvlzhl7rig9409vvrdqq-sqlite-3.50.2-doc",
        "man": "/nix/store/fvl0bgzn40x7qlzmhb148aqmr9k3inx3-sqlite-3.50.2-man",
        "out": "/nix/store/73iiazjcn1qscb8m0l5f3jg56vjgwxbj-sqlite-3.50.2"
      },
      "system": "aarch64-darwin",
      "group": "toplevel",
      "priority": 5
    },
    {
      "attr_path": "sqlite",
      "broken": false,
      "derivation": "/nix/store/5l0yswsw9dx61zqkpj9idk74ga1iz4yq-sqlite-3.50.2.drv",
      "description": "Self-contained, serverless, zero-configuration, transactional SQL database engine",
      "install_id": "sqlite",
      "license": "Public Domain",
      "locked_url": "https://github.com/flox/nixpkgs?rev=dc9637876d0dcc8c9e5e22986b857632effeb727",
      "name": "sqlite-3.50.2",
      "pname": "sqlite",
      "rev": "dc9637876d0dcc8c9e5e22986b857632effeb727",
      "rev_count": 836203,
      "rev_date": "2025-07-28T09:26:29Z",
      "scrape_date": "2025-07-30T00:48:48.791451Z",
      "stabilities": [
        "unstable"
      ],
      "unfree": false,
      "version": "3.50.2",
      "outputs_to_install": [
        "bin",
        "man"
      ],
      "outputs": {
        "bin": "/nix/store/xra4yp1wl7kk5yrql2ksa28pyhgv05bh-sqlite-3.50.2-bin",
        "debug": "/nix/store/y78vmjc4dvqg52gy2y03yy43kmm4l5xy-sqlite-3.50.2-debug",
        "dev": "/nix/store/bllx9j696dahs4xz2942lmbab7bain1w-sqlite-3.50.2-dev",
        "doc": "/nix/store/hdb7kzmd4d3arn8qc3n02zb2afhz01bk-sqlite-3.50.2-doc",
        "man": "/nix/store/f434igy35argvb4ia067612g8lgamj9h-sqlite-3.50.2-man",
        "out": "/nix/store/hkapr9yav6nx45h1gizasd80gkqv3rqd-sqlite-3.50.2"
      },
      "system": "aarch64-linux",
      "group": "toplevel",
      "priority": 5
    },
    {
      "attr_path": "sqlite",
      "broken": false,
      "derivation": "/nix/store/b5s9q3zamrgppgrgf4svcy4w918njhbz-sqlite-3.50.2.drv",
      "description": "Self-contained, serverless, zero-configuration, transactional SQL database engine",
      "install_id": "sqlite",
      "license": "Public Domain",
      "locked_url": "https://github.com/flox/nixpkgs?rev=dc9637876d0dcc8c9e5e22986b857632effeb727",
      "name": "sqlite-3.50.2",
      "pname": "sqlite",
      "rev": "dc9637876d0dcc8c9e5e22986b857632effeb727",
      "rev_count": 836203,
      "rev_date": "2025-07-28T09:26:29Z",
      "scrape_date": "2025-07-30T01:08:07.702575Z",
      "stabilities": [
        "unstable"
      ],
      "unfree": false,
      "version": "3.50.2",
      "outputs_to_install": [
        "bin",
        "man"
      ],
      "outputs": {
        "bin": "/nix/store/5wm8hlhk48q6yliym7nfgpa1ijfphs2l-sqlite-3.50.2-bin",
        "dev": "/nix/store/fi2fi6q7yqpgwa6z14xnqx00pq9s6h92-sqlite-3.50.2-dev",
        "doc": "/nix/store/3y1wdididszk73lxk2d2h753llrl18ns-sqlite-3.50.2-doc",
        "man": "/nix/store/zra5y09sdp0vvsynaj0mv6pl0n9x3kil-sqlite-3.50.2-man",
        "out": "/nix/store/qgbjr35s6r2mr4i37qpkb70wqfiwslh3-sqlite-3.50.2"
      },
      "system": "x86_64-darwin",
      "group": "toplevel",
      "priority": 5
    },
    {
      "attr_path": "sqlite",
      "broken": false,
      "derivation": "/nix/store/z7qk86z6ivqgk3gn38jswycyflvc500w-sqlite-3.50.2.drv",
      "description": "Self-contained, serverless, zero-configuration, transactional SQL database engine",
      "install_id": "sqlite",
      "license": "Public Domain",
      "locked_url": "https://github.com/flox/nixpkgs?rev=dc9637876d0dcc8c9e5e22986b857632effeb727",
      "name": "sqlite-3.50.2",
      "pname": "sqlite",
      "rev": "dc9637876d0dcc8c9e5e22986b857632effeb727",
      "rev_count": 836203,
      "rev_date": "2025-07-28T09:26:29Z",
      "scrape_date": "2025-07-30T01:32:33.826719Z",
      "stabilities": [
        "unstable"
      ],
      "unfree": false,
      "version": "3.50.2",
      "outputs_to_install": [
        "bin",
        "man"
      ],
      "outputs": {
        "bin": "/nix/store/davps0p09b6kswdnjm3mscfk5g25cvaf-sqlite-3.50.2-bin",
        "debug": "/nix/store/18l20nnx9pfixq0w29alajkgncvlz8qw-sqlite-3.50.2-debug",
        "dev": "/nix/store/jmqk9474xmakj7s663kbinp7bn959kr1-sqlite-3.50.2-dev",
        "doc": "/nix/store/fanxdjifxzjrs8zhi0qg9ifd0mqir4rf-sqlite-3.50.2-doc",
        "man": "/nix/store/p0pcmmzd168kdpl01lnp3qi17m7y2iwv-sqlite-3.50.2-man",
        "out": "/nix/store/yd47pmkv6iv58gs5v5jgyblvkw87pqx3-sqlite-3.50.2"
      },
      "system": "x86_64-linux",
      "group": "toplevel",
      "priority": 5
    },
    {
      "attr_path": "uv",
      "broken": false,
      "derivation": "/nix/store/rhn7jhy9gmg19rqsphqj644hz6ybdnjq-uv-0.8.2.drv",
      "description": "Extremely fast Python package installer and resolver, written in Rust",
      "install_id": "uv",
      "license": "[ Apache-2.0, MIT ]",
      "locked_url": "https://github.com/flox/nixpkgs?rev=dc9637876d0dcc8c9e5e22986b857632effeb727",
      "name": "uv-0.8.2",
      "pname": "uv",
      "rev": "dc9637876d0dcc8c9e5e22986b857632effeb727",
      "rev_count": 836203,
      "rev_date": "2025-07-28T09:26:29Z",
      "scrape_date": "2025-07-30T00:29:03.525700Z",
      "stabilities": [
        "unstable"
      ],
      "unfree": false,
      "version": "0.8.2",
      "outputs_to_install": [
        "out"
      ],
      "outputs": {
        "out": "/nix/store/db9y1b002zlnyjgpsnbl9hvlwsiqajl4-uv-0.8.2"
      },
      "system": "aarch64-darwin",
      "group": "toplevel",
      "priority": 5
    },
    {
      "attr_path": "uv",
      "broken": false,
      "derivation": "/nix/store/knnv1wc9r7slfyx367sdlyyz8r4sy7r6-uv-0.8.2.drv",
      "description": "Extremely fast Python package installer and resolver, written in Rust",
      "install_id": "uv",
      "license": "[ Apache-2.0, MIT ]",
      "locked_url": "https://github.com/flox/nixpkgs?rev=dc9637876d0dcc8c9e5e22986b857632effeb727",
      "name": "uv-0.8.2",
      "pname": "uv",
      "rev": "dc9637876d0dcc8c9e5e22986b857632effeb727",
      "rev_count": 836203,
      "rev_date": "2025-07-28T09:26:29Z",
      "scrape_date": "2025-07-30T00:49:10.863162Z",
      "stabilities": [
        "unstable"
      ],
      "unfree": false,
      "version": "0.8.2",
      "outputs_to_install": [
        "out"
      ],
      "outputs": {
        "out": "/nix/store/bdps6h2gn2rysavc3cq2slqnjlsyyk03-uv-0.8.2"
      },
      "system": "aarch64-linux",
      "group": "toplevel",
      "priority": 5
    },
    {
      "attr_path": "uv",
      "broken": false,
      "derivation": "/nix/store/50fr7pg0vf9s8x360ddk5pv5hkr1j17i-uv-0.8.2.drv",
      "description": "Extremely fast Python package installer and resolver, written in Rust",
      "install_id": "uv",
      "license": "[ Apache-2.0, MIT ]",
      "locked_url": "https://github.com/flox/nixpkgs?rev=dc9637876d0dcc8c9e5e22986b857632effeb727",
      "name": "uv-0.8.2",
      "pname": "uv",
      "rev": "dc9637876d0dcc8c9e5e22986b857632effeb727",
      "rev_count": 836203,
      "rev_date": "2025-07-28T09:26:29Z",
      "scrape_date": "2025-07-30T01:08:24.142702Z",
      "stabilities": [
        "unstable"
      ],
      "unfree": false,
      "version": "0.8.2",
      "outputs_to_install": [
        "out"
      ],
      "outputs": {
        "out": "/nix/store/91g6383zq1wbiik2an7g6yfrj294c19v-uv-0.8.2"
      },
      "system": "x86_64-darwin",
      "group": "toplevel",
      "priority": 5
    },
    {
      "attr_path": "uv",
      "broken": false,
      "derivation": "/nix/store/z5cy5l307s6b8wsmf4l3fmlp0lxigd8f-uv-0.8.2.drv",
      "description": "Extremely fast Python package installer and resolver, written in Rust",
      "install_id": "uv",
      "license": "[ Apache-2.0, MIT ]",
      "locked_url": "https://github.com/flox/nixpkgs?rev=dc9637876d0dcc8c9e5e22986b857632effeb727",
      "name": "uv-0.8.2",
      "pname": "uv",
      "rev": "dc9637876d0dcc8c9e5e22986b857632effeb727",
      "rev_count": 836203,
      "rev_date": "2025-07-28T09:26:29Z",
      "scrape_date": "2025-07-30T01:32:56.820354Z",
      "stabilities": [
        "unstable"
      ],
      "unfree": false,
      "version": "0.8.2",
      "outputs_to_install": [
        "out"
      ],
      "outputs": {
        "out": "/nix/store/swq8qrr7n5gkc1b4940q62a3ll52prgl-uv-0.8.2"
      },
      "system": "x86_64-linux",
      "group": "toplevel",
      "priority": 5
    }
  ],
  "compose": {
    "composer": {
      "version": 1,
      "install": {
        "ffmpeg": {
          "pkg-path": "ffmpeg"
        },
        "sqlite": {
          "pkg-path": "sqlite"
        }
      },
      "hook": {
        "on-activate": "  # -> Set variables, create files and directories\n  # -> Perform initialization steps, e.g. create a python venv\n  # -> Useful environment variables:\n  #      - FLOX_ENV_PROJECT=/home/user/example\n  #      - FLOX_ENV=/home/user/example/.flox/run\n  #      - FLOX_ENV_CACHE=/home/user/example/.flox/cache\n  \n  if [[ ! -z $DEV ]]; then\n    export GOBIN=\"${FLOX_ENV_CACHE}/go/bin/\"\n    mkdir -p \"${GOBIN}\"\n    go install \"github.com/isaacphi/mcp-language-server@latest\"\n    export PATH=\"${GOBIN}:${PATH}\"\n  fi\n  \n  uv python install 3.13\n  uv venv\n  source \"${FLOX_ENV_PROJECT}/.venv/bin/activate\"\n  uv sync\n  \n  echo \"Beige-book environment activated\"\n"
      },
      "profile": {},
      "options": {},
      "include": {
        "environments": [
          {
            "dir": "../../"
          }
        ]
      }
    },
    "include": [
      {
        "manifest": {
          "version": 1,
          "install": {
            "calysto": {
              "pkg-path": "python313Packages.calysto"
            },
            "hy": {
              "pkg-path": "hy"
            },
            "jupyter": {
              "pkg-path": "python313Packages.jupyter"
            },
            "python313Full": {
              "pkg-path": "python313Full"
            },
            "spyder": {
              "pkg-path": "python313Packages.spyder",
              "systems": [
                "aarch64-linux",
                "x86_64-linux"
              ]
            },
            "uv": {
              "pkg-path": "uv"
            }
          },
          "profile": {},
          "options": {
            "systems": [
              "aarch64-darwin",
              "aarch64-linux",
              "x86_64-darwin",
              "x86_64-linux"
            ]
          }
        },
        "name": "ai",
        "descriptor": {
          "dir": "../../"
        }
      }
    ],
    "warnings": []
  }
}