{
  "lockfile-version": 1,
  "manifest": {
    "version": 1,
    "install": {
      "calysto": {
        "pkg-path": "python313Packages.calysto"
      },
      "claude-code": {
        "pkg-path": "claude-code"
      },
      "git": {
        "pkg-path": "git"
      },
      "go": {
        "pkg-path": "go"
      },
      "hy": {
        "pkg-path": "hy"
      },
      "jupyter": {
        "pkg-path": "python313Packages.jupyter"
      },
      "pyright": {
        "pkg-path": "pyright"
      },
      "python313Full": {
        "pkg-path": "python313Full"
      },
      "spyder": {
        "pkg-path": "python313Packages.spyder",
        "systems": [
          "aarch64-linux",
          "x86_64-linux"
        ]
      },
      "uv": {
        "pkg-path": "uv"
      }
    },
    "hook": {
      "on-activate": "export GOBIN=\"${FLOX_ENV_CACHE}/go/bin/\"\nmkdir -p \"${GOBIN}\"\ngo install \"github.com/isaacphi/mcp-language-server@latest\"\nexport PATH=\"${GOBIN}:${PATH}\"\nuv sync\necho \"RUN \"\necho \"source \\\"${FLOX_ENV_PROJECT}/.venv/bin/activate\\\"\"\n"
    },
    "profile": {},
    "options": {
      "systems": [
        "aarch64-darwin",
        "aarch64-linux",
        "x86_64-darwin",
        "x86_64-linux"
      ]
    }
  },
  "packages": [
    {
      "attr_path": "python313Packages.calysto",
      "broken": false,
      "derivation": "/nix/store/nxn2p1kb6864qlnb5jdmvf6qdparip57-python3.13-calysto-1.0.6.drv",
      "description": "Tools for Jupyter and Python",
      "install_id": "calysto",
      "license": "BSD-2-Clause",
      "locked_url": "https://github.com/flox/nixpkgs?rev=6e987485eb2c77e5dcc5af4e3c70843711ef9251",
      "name": "python3.13-calysto-1.0.6",
      "pname": "calysto",
      "rev": "6e987485eb2c77e5dcc5af4e3c70843711ef9251",
      "rev_count": 831064,
      "rev_date": "2025-07-16T17:35:22Z",
      "scrape_date": "2025-07-19T00:32:44.121251Z",
      "stabilities": [
        "unstable"
      ],
      "unfree": false,
      "version": "1.0.6",
      "outputs_to_install": [
        "out"
      ],
      "outputs": {
        "dist": "/nix/store/573qlsmn8y7j82qfppyfi50sv8mbj98n-python3.13-calysto-1.0.6-dist",
        "out": "/nix/store/j0h22xl2b48v35g6hy0z1p3pa0aba7hq-python3.13-calysto-1.0.6"
      },
      "system": "aarch64-darwin",
      "group": "toplevel",
      "priority": 5
    },
    {
      "attr_path": "python313Packages.calysto",
      "broken": false,
      "derivation": "/nix/store/q4r2qjp7ss36lv9r4jg966xd76667ijs-python3.13-calysto-1.0.6.drv",
      "description": "Tools for Jupyter and Python",
      "install_id": "calysto",
      "license": "BSD-2-Clause",
      "locked_url": "https://github.com/flox/nixpkgs?rev=6e987485eb2c77e5dcc5af4e3c70843711ef9251",
      "name": "python3.13-calysto-1.0.6",
      "pname": "calysto",
      "rev": "6e987485eb2c77e5dcc5af4e3c70843711ef9251",
      "rev_count": 831064,
      "rev_date": "2025-07-16T17:35:22Z",
      "scrape_date": "2025-07-19T00:58:38.979778Z",
      "stabilities": [
        "unstable"
      ],
      "unfree": false,
      "version": "1.0.6",
      "outputs_to_install": [
        "out"
      ],
      "outputs": {
        "dist": "/nix/store/mvrraa6n2yxq6z6klzqyk7pfxm9al0kf-python3.13-calysto-1.0.6-dist",
        "out": "/nix/store/j0hln1lfyfxbq61930vdikfb5f8kyyl7-python3.13-calysto-1.0.6"
      },
      "system": "aarch64-linux",
      "group": "toplevel",
      "priority": 5
    },
    {
      "attr_path": "python313Packages.calysto",
      "broken": false,
      "derivation": "/nix/store/9ijy4si9q87w0vlhv15ifvmf1bygnxy5-python3.13-calysto-1.0.6.drv",
      "description": "Tools for Jupyter and Python",
      "install_id": "calysto",
      "license": "BSD-2-Clause",
      "locked_url": "https://github.com/flox/nixpkgs?rev=6e987485eb2c77e5dcc5af4e3c70843711ef9251",
      "name": "python3.13-calysto-1.0.6",
      "pname": "calysto",
      "rev": "6e987485eb2c77e5dcc5af4e3c70843711ef9251",
      "rev_count": 831064,
      "rev_date": "2025-07-16T17:35:22Z",
      "scrape_date": "2025-07-19T01:21:31.018764Z",
      "stabilities": [
        "unstable"
      ],
      "unfree": false,
      "version": "1.0.6",
      "outputs_to_install": [
        "out"
      ],
      "outputs": {
        "dist": "/nix/store/y2s1zcxawj7l9z2rr3cmj6msm5r187fq-python3.13-calysto-1.0.6-dist",
        "out": "/nix/store/qkcvhhknaq9py6xrk1wl6gh1fp4dhmbv-python3.13-calysto-1.0.6"
      },
      "system": "x86_64-darwin",
      "group": "toplevel",
      "priority": 5
    },
    {
      "attr_path": "python313Packages.calysto",
      "broken": false,
      "derivation": "/nix/store/bg25n1pn6v20k6b74qlirdxwzry6ysqa-python3.13-calysto-1.0.6.drv",
      "description": "Tools for Jupyter and Python",
      "install_id": "calysto",
      "license": "BSD-2-Clause",
      "locked_url": "https://github.com/flox/nixpkgs?rev=6e987485eb2c77e5dcc5af4e3c70843711ef9251",
      "name": "python3.13-calysto-1.0.6",
      "pname": "calysto",
      "rev": "6e987485eb2c77e5dcc5af4e3c70843711ef9251",
      "rev_count": 831064,
      "rev_date": "2025-07-16T17:35:22Z",
      "scrape_date": "2025-07-19T01:49:04.256114Z",
      "stabilities": [
        "unstable"
      ],
      "unfree": false,
      "version": "1.0.6",
      "outputs_to_install": [
        "out"
      ],
      "outputs": {
        "dist": "/nix/store/64xv79jns67irs1nhrrf4wxdzcb9n63s-python3.13-calysto-1.0.6-dist",
        "out": "/nix/store/bsxl4k6wplvy8fpx1lsn1qmyl63zb7cr-python3.13-calysto-1.0.6"
      },
      "system": "x86_64-linux",
      "group": "toplevel",
      "priority": 5
    },
    {
      "attr_path": "claude-code",
      "broken": false,
      "derivation": "/nix/store/fmlzkzfb6qm24cqdgiczkmn751ngmkdm-claude-code-1.0.51.drv",
      "description": "Agentic coding tool that lives in your terminal, understands your codebase, and helps you code faster",
      "install_id": "claude-code",
      "license": "Unfree",
      "locked_url": "https://github.com/flox/nixpkgs?rev=6e987485eb2c77e5dcc5af4e3c70843711ef9251",
      "name": "claude-code-1.0.51",
      "pname": "claude-code",
      "rev": "6e987485eb2c77e5dcc5af4e3c70843711ef9251",
      "rev_count": 831064,
      "rev_date": "2025-07-16T17:35:22Z",
      "scrape_date": "2025-07-19T00:32:23.959829Z",
      "stabilities": [
        "unstable"
      ],
      "unfree": true,
      "version": "1.0.51",
      "outputs_to_install": [
        "out"
      ],
      "outputs": {
        "out": "/nix/store/3s7n53nds79190wynfwpbnb0qky22piw-claude-code-1.0.51"
      },
      "system": "aarch64-darwin",
      "group": "toplevel",
      "priority": 5
    },
    {
      "attr_path": "claude-code",
      "broken": false,
      "derivation": "/nix/store/k27wqfrk4arigblmjy6c54azkx89bdxy-claude-code-1.0.51.drv",
      "description": "Agentic coding tool that lives in your terminal, understands your codebase, and helps you code faster",
      "install_id": "claude-code",
      "license": "Unfree",
      "locked_url": "https://github.com/flox/nixpkgs?rev=6e987485eb2c77e5dcc5af4e3c70843711ef9251",
      "name": "claude-code-1.0.51",
      "pname": "claude-code",
      "rev": "6e987485eb2c77e5dcc5af4e3c70843711ef9251",
      "rev_count": 831064,
      "rev_date": "2025-07-16T17:35:22Z",
      "scrape_date": "2025-07-19T00:58:02.819202Z",
      "stabilities": [
        "unstable"
      ],
      "unfree": true,
      "version": "1.0.51",
      "outputs_to_install": [
        "out"
      ],
      "outputs": {
        "out": "/nix/store/pnwl3m67m4s97bjzq1jdy9yn1lwv0a0w-claude-code-1.0.51"
      },
      "system": "aarch64-linux",
      "group": "toplevel",
      "priority": 5
    },
    {
      "attr_path": "claude-code",
      "broken": false,
      "derivation": "/nix/store/qq0r91nszx6zck5ig0bzyiqng41g17kx-claude-code-1.0.51.drv",
      "description": "Agentic coding tool that lives in your terminal, understands your codebase, and helps you code faster",
      "install_id": "claude-code",
      "license": "Unfree",
      "locked_url": "https://github.com/flox/nixpkgs?rev=6e987485eb2c77e5dcc5af4e3c70843711ef9251",
      "name": "claude-code-1.0.51",
      "pname": "claude-code",
      "rev": "6e987485eb2c77e5dcc5af4e3c70843711ef9251",
      "rev_count": 831064,
      "rev_date": "2025-07-16T17:35:22Z",
      "scrape_date": "2025-07-19T01:21:11.701348Z",
      "stabilities": [
        "unstable"
      ],
      "unfree": true,
      "version": "1.0.51",
      "outputs_to_install": [
        "out"
      ],
      "outputs": {
        "out": "/nix/store/r3lsr9af015lqg1wga7w820h87264w1c-claude-code-1.0.51"
      },
      "system": "x86_64-darwin",
      "group": "toplevel",
      "priority": 5
    },
    {
      "attr_path": "claude-code",
      "broken": false,
      "derivation": "/nix/store/qrx1v7kfb4y22q62lxb67y96vvsbk6yc-claude-code-1.0.51.drv",
      "description": "Agentic coding tool that lives in your terminal, understands your codebase, and helps you code faster",
      "install_id": "claude-code",
      "license": "Unfree",
      "locked_url": "https://github.com/flox/nixpkgs?rev=6e987485eb2c77e5dcc5af4e3c70843711ef9251",
      "name": "claude-code-1.0.51",
      "pname": "claude-code",
      "rev": "6e987485eb2c77e5dcc5af4e3c70843711ef9251",
      "rev_count": 831064,
      "rev_date": "2025-07-16T17:35:22Z",
      "scrape_date": "2025-07-19T01:48:22.733227Z",
      "stabilities": [
        "unstable"
      ],
      "unfree": true,
      "version": "1.0.51",
      "outputs_to_install": [
        "out"
      ],
      "outputs": {
        "out": "/nix/store/m42vv94fmnjxhav92nmnwrilkkp209kf-claude-code-1.0.51"
      },
      "system": "x86_64-linux",
      "group": "toplevel",
      "priority": 5
    },
    {
      "attr_path": "git",
      "broken": false,
      "derivation": "/nix/store/wjdpcd15lvvaw09llrxfv5xrsfc0rhpw-git-2.50.0.drv",
      "description": "Distributed version control system",
      "install_id": "git",
      "license": "GPL-2.0",
      "locked_url": "https://github.com/flox/nixpkgs?rev=6e987485eb2c77e5dcc5af4e3c70843711ef9251",
      "name": "git-2.50.0",
      "pname": "git",
      "rev": "6e987485eb2c77e5dcc5af4e3c70843711ef9251",
      "rev_count": 831064,
      "rev_date": "2025-07-16T17:35:22Z",
      "scrape_date": "2025-07-19T00:32:24.537332Z",
      "stabilities": [
        "unstable"
      ],
      "unfree": false,
      "version": "2.50.0",
      "outputs_to_install": [
        "out"
      ],
      "outputs": {
        "doc": "/nix/store/wfg8mczayhr7k13bq6fjl1h7rxg5f6p8-git-2.50.0-doc",
        "out": "/nix/store/2jwgd7jj1dil1b73h8hnh0xj928416jp-git-2.50.0"
      },
      "system": "aarch64-darwin",
      "group": "toplevel",
      "priority": 5
    },
    {
      "attr_path": "git",
      "broken": false,
      "derivation": "/nix/store/72m2vn903b00xjmay152nlqd66cq2m12-git-2.50.0.drv",
      "description": "Distributed version control system",
      "install_id": "git",
      "license": "GPL-2.0",
      "locked_url": "https://github.com/flox/nixpkgs?rev=6e987485eb2c77e5dcc5af4e3c70843711ef9251",
      "name": "git-2.50.0",
      "pname": "git",
      "rev": "6e987485eb2c77e5dcc5af4e3c70843711ef9251",
      "rev_count": 831064,
      "rev_date": "2025-07-16T17:35:22Z",
      "scrape_date": "2025-07-19T00:58:03.770281Z",
      "stabilities": [
        "unstable"
      ],
      "unfree": false,
      "version": "2.50.0",
      "outputs_to_install": [
        "out"
      ],
      "outputs": {
        "debug": "/nix/store/dajrhy2l14ghs5awaag5n8yj62lwsyg9-git-2.50.0-debug",
        "doc": "/nix/store/kj8r3acr12x0hkxs0hyrpd8wknvvwhd2-git-2.50.0-doc",
        "out": "/nix/store/7mp9n7lbilhk56s842rigrjclbr5ipdj-git-2.50.0"
      },
      "system": "aarch64-linux",
      "group": "toplevel",
      "priority": 5
    },
    {
      "attr_path": "git",
      "broken": false,
      "derivation": "/nix/store/wj62wc6wxdz4k28n6x0xk0vb1riysbf3-git-2.50.0.drv",
      "description": "Distributed version control system",
      "install_id": "git",
      "license": "GPL-2.0",
      "locked_url": "https://github.com/flox/nixpkgs?rev=6e987485eb2c77e5dcc5af4e3c70843711ef9251",
      "name": "git-2.50.0",
      "pname": "git",
      "rev": "6e987485eb2c77e5dcc5af4e3c70843711ef9251",
      "rev_count": 831064,
      "rev_date": "2025-07-16T17:35:22Z",
      "scrape_date": "2025-07-19T01:21:12.261945Z",
      "stabilities": [
        "unstable"
      ],
      "unfree": false,
      "version": "2.50.0",
      "outputs_to_install": [
        "out"
      ],
      "outputs": {
        "doc": "/nix/store/kc1k9n4im10nlm6csp16jg3052vdmifa-git-2.50.0-doc",
        "out": "/nix/store/wy5g4i1fr1vrg2drjflbsd75rq7j9rh9-git-2.50.0"
      },
      "system": "x86_64-darwin",
      "group": "toplevel",
      "priority": 5
    },
    {
      "attr_path": "git",
      "broken": false,
      "derivation": "/nix/store/ci1zf3dgi4hagaic14acxgcr2j2hi342-git-2.50.0.drv",
      "description": "Distributed version control system",
      "install_id": "git",
      "license": "GPL-2.0",
      "locked_url": "https://github.com/flox/nixpkgs?rev=6e987485eb2c77e5dcc5af4e3c70843711ef9251",
      "name": "git-2.50.0",
      "pname": "git",
      "rev": "6e987485eb2c77e5dcc5af4e3c70843711ef9251",
      "rev_count": 831064,
      "rev_date": "2025-07-16T17:35:22Z",
      "scrape_date": "2025-07-19T01:48:23.846538Z",
      "stabilities": [
        "unstable"
      ],
      "unfree": false,
      "version": "2.50.0",
      "outputs_to_install": [
        "out"
      ],
      "outputs": {
        "debug": "/nix/store/h29apnv0hcp0w03whsh03izhq7ln1jyw-git-2.50.0-debug",
        "doc": "/nix/store/fypvhmxqj3583rkzxvmwakw10yri2i23-git-2.50.0-doc",
        "out": "/nix/store/khdq35xh67vw7j7k9y4q9l0svxznhx1b-git-2.50.0"
      },
      "system": "x86_64-linux",
      "group": "toplevel",
      "priority": 5
    },
    {
      "attr_path": "go",
      "broken": false,
      "derivation": "/nix/store/vf13hnw59hq35zp259704grh3c1l4y1b-go-1.24.4.drv",
      "description": "Go Programming language",
      "install_id": "go",
      "license": "BSD-3-Clause",
      "locked_url": "https://github.com/flox/nixpkgs?rev=6e987485eb2c77e5dcc5af4e3c70843711ef9251",
      "name": "go-1.24.4",
      "pname": "go",
      "rev": "6e987485eb2c77e5dcc5af4e3c70843711ef9251",
      "rev_count": 831064,
      "rev_date": "2025-07-16T17:35:22Z",
      "scrape_date": "2025-07-19T00:32:24.624473Z",
      "stabilities": [
        "unstable"
      ],
      "unfree": false,
      "version": "1.24.4",
      "outputs_to_install": [
        "out"
      ],
      "outputs": {
        "out": "/nix/store/f4a0g1p943l61wfvqnpdr73v9bsyfhf2-go-1.24.4"
      },
      "system": "aarch64-darwin",
      "group": "toplevel",
      "priority": 5
    },
    {
      "attr_path": "go",
      "broken": false,
      "derivation": "/nix/store/1wsvwqfx9ykw1g3iqr8srbcnhvakck1g-go-1.24.4.drv",
      "description": "Go Programming language",
      "install_id": "go",
      "license": "BSD-3-Clause",
      "locked_url": "https://github.com/flox/nixpkgs?rev=6e987485eb2c77e5dcc5af4e3c70843711ef9251",
      "name": "go-1.24.4",
      "pname": "go",
      "rev": "6e987485eb2c77e5dcc5af4e3c70843711ef9251",
      "rev_count": 831064,
      "rev_date": "2025-07-16T17:35:22Z",
      "scrape_date": "2025-07-19T00:58:04.188161Z",
      "stabilities": [
        "unstable"
      ],
      "unfree": false,
      "version": "1.24.4",
      "outputs_to_install": [
        "out"
      ],
      "outputs": {
        "out": "/nix/store/mdyik6amglpjs533vk927f9w1qmyw239-go-1.24.4"
      },
      "system": "aarch64-linux",
      "group": "toplevel",
      "priority": 5
    },
    {
      "attr_path": "go",
      "broken": false,
      "derivation": "/nix/store/45v9gv1mb6dyz76iykhdy2l4dqvzix8s-go-1.24.4.drv",
      "description": "Go Programming language",
      "install_id": "go",
      "license": "BSD-3-Clause",
      "locked_url": "https://github.com/flox/nixpkgs?rev=6e987485eb2c77e5dcc5af4e3c70843711ef9251",
      "name": "go-1.24.4",
      "pname": "go",
      "rev": "6e987485eb2c77e5dcc5af4e3c70843711ef9251",
      "rev_count": 831064,
      "rev_date": "2025-07-16T17:35:22Z",
      "scrape_date": "2025-07-19T01:21:12.384958Z",
      "stabilities": [
        "unstable"
      ],
      "unfree": false,
      "version": "1.24.4",
      "outputs_to_install": [
        "out"
      ],
      "outputs": {
        "out": "/nix/store/b56ngr9p7x6z368w8m7ps95r3x8gdfv7-go-1.24.4"
      },
      "system": "x86_64-darwin",
      "group": "toplevel",
      "priority": 5
    },
    {
      "attr_path": "go",
      "broken": false,
      "derivation": "/nix/store/vr80y821hq8cdv49l1arkhgkpzbywb1h-go-1.24.4.drv",
      "description": "Go Programming language",
      "install_id": "go",
      "license": "BSD-3-Clause",
      "locked_url": "https://github.com/flox/nixpkgs?rev=6e987485eb2c77e5dcc5af4e3c70843711ef9251",
      "name": "go-1.24.4",
      "pname": "go",
      "rev": "6e987485eb2c77e5dcc5af4e3c70843711ef9251",
      "rev_count": 831064,
      "rev_date": "2025-07-16T17:35:22Z",
      "scrape_date": "2025-07-19T01:48:24.343239Z",
      "stabilities": [
        "unstable"
      ],
      "unfree": false,
      "version": "1.24.4",
      "outputs_to_install": [
        "out"
      ],
      "outputs": {
        "out": "/nix/store/xrzqlk92h7z5mz9mlc4a9dyy91n5b68i-go-1.24.4"
      },
      "system": "x86_64-linux",
      "group": "toplevel",
      "priority": 5
    },
    {
      "attr_path": "hy",
      "broken": false,
      "derivation": "/nix/store/6hnnw5mp8nck67fbbml3dqig526nkfig-python3.13-hy-1.1.0.drv",
      "description": "LISP dialect embedded in Python",
      "install_id": "hy",
      "license": "MIT",
      "locked_url": "https://github.com/flox/nixpkgs?rev=6e987485eb2c77e5dcc5af4e3c70843711ef9251",
      "name": "hy-1.1.0",
      "pname": "hy",
      "rev": "6e987485eb2c77e5dcc5af4e3c70843711ef9251",
      "rev_count": 831064,
      "rev_date": "2025-07-16T17:35:22Z",
      "scrape_date": "2025-07-19T00:32:25.011Z",
      "stabilities": [
        "unstable"
      ],
      "unfree": false,
      "version": "1.1.0",
      "outputs_to_install": [
        "out"
      ],
      "outputs": {
        "dist": "/nix/store/mfl7z7hbvsyrkfw19xs4l07wf2sa79dj-python3.13-hy-1.1.0-dist",
        "out": "/nix/store/0q6693g3rv7i1nlyyb47ldjb408729h6-python3.13-hy-1.1.0"
      },
      "system": "aarch64-darwin",
      "group": "toplevel",
      "priority": 5
    },
    {
      "attr_path": "hy",
      "broken": false,
      "derivation": "/nix/store/i5lp3bpr40maxzjbp2lrwb6xipqqkxa5-python3.13-hy-1.1.0.drv",
      "description": "LISP dialect embedded in Python",
      "install_id": "hy",
      "license": "MIT",
      "locked_url": "https://github.com/flox/nixpkgs?rev=6e987485eb2c77e5dcc5af4e3c70843711ef9251",
      "name": "hy-1.1.0",
      "pname": "hy",
      "rev": "6e987485eb2c77e5dcc5af4e3c70843711ef9251",
      "rev_count": 831064,
      "rev_date": "2025-07-16T17:35:22Z",
      "scrape_date": "2025-07-19T00:58:05.115212Z",
      "stabilities": [
        "unstable"
      ],
      "unfree": false,
      "version": "1.1.0",
      "outputs_to_install": [
        "out"
      ],
      "outputs": {
        "dist": "/nix/store/kqzjvig1h2y8p7hm221128r7x2m5jg7s-python3.13-hy-1.1.0-dist",
        "out": "/nix/store/9hjzda1nhxafd631fvwqhipmrpwmc8cn-python3.13-hy-1.1.0"
      },
      "system": "aarch64-linux",
      "group": "toplevel",
      "priority": 5
    },
    {
      "attr_path": "hy",
      "broken": false,
      "derivation": "/nix/store/1pfii46zsdazzvnycg3mawqd19fikhzc-python3.13-hy-1.1.0.drv",
      "description": "LISP dialect embedded in Python",
      "install_id": "hy",
      "license": "MIT",
      "locked_url": "https://github.com/flox/nixpkgs?rev=6e987485eb2c77e5dcc5af4e3c70843711ef9251",
      "name": "hy-1.1.0",
      "pname": "hy",
      "rev": "6e987485eb2c77e5dcc5af4e3c70843711ef9251",
      "rev_count": 831064,
      "rev_date": "2025-07-16T17:35:22Z",
      "scrape_date": "2025-07-19T01:21:12.701949Z",
      "stabilities": [
        "unstable"
      ],
      "unfree": false,
      "version": "1.1.0",
      "outputs_to_install": [
        "out"
      ],
      "outputs": {
        "dist": "/nix/store/acxvys2ss8z5xaky5y1v7hngbb3j33kd-python3.13-hy-1.1.0-dist",
        "out": "/nix/store/001kj0qz3qn96imflm44mv85ic652ycl-python3.13-hy-1.1.0"
      },
      "system": "x86_64-darwin",
      "group": "toplevel",
      "priority": 5
    },
    {
      "attr_path": "hy",
      "broken": false,
      "derivation": "/nix/store/ajy7vdkz3931c3xbyh01avz2vzgs2mr4-python3.13-hy-1.1.0.drv",
      "description": "LISP dialect embedded in Python",
      "install_id": "hy",
      "license": "MIT",
      "locked_url": "https://github.com/flox/nixpkgs?rev=6e987485eb2c77e5dcc5af4e3c70843711ef9251",
      "name": "hy-1.1.0",
      "pname": "hy",
      "rev": "6e987485eb2c77e5dcc5af4e3c70843711ef9251",
      "rev_count": 831064,
      "rev_date": "2025-07-16T17:35:22Z",
      "scrape_date": "2025-07-19T01:48:25.389556Z",
      "stabilities": [
        "unstable"
      ],
      "unfree": false,
      "version": "1.1.0",
      "outputs_to_install": [
        "out"
      ],
      "outputs": {
        "dist": "/nix/store/sshyfjhhhip23qp282f7qsh5600ar7hm-python3.13-hy-1.1.0-dist",
        "out": "/nix/store/saw55smkb71v8rwq1cc6afmyyrwbad7h-python3.13-hy-1.1.0"
      },
      "system": "x86_64-linux",
      "group": "toplevel",
      "priority": 5
    },
    {
      "attr_path": "python313Packages.jupyter",
      "broken": false,
      "derivation": "/nix/store/qqjcvf28bhc9qv8amappfkxfk8mqay7s-python3.13-jupyter-1.1.1.drv",
      "description": "Installs all the Jupyter components in one go",
      "install_id": "jupyter",
      "license": "BSD-3-Clause",
      "locked_url": "https://github.com/flox/nixpkgs?rev=6e987485eb2c77e5dcc5af4e3c70843711ef9251",
      "name": "python3.13-jupyter-1.1.1",
      "pname": "jupyter",
      "rev": "6e987485eb2c77e5dcc5af4e3c70843711ef9251",
      "rev_count": 831064,
      "rev_date": "2025-07-16T17:35:22Z",
      "scrape_date": "2025-07-19T00:32:47.760163Z",
      "stabilities": [
        "unstable"
      ],
      "unfree": false,
      "version": "1.1.1",
      "outputs_to_install": [
        "out"
      ],
      "outputs": {
        "dist": "/nix/store/1vyb1k960z62yxzvms6xxzs57350mdvp-python3.13-jupyter-1.1.1-dist",
        "out": "/nix/store/hcan5jk9g0yr3aqa3436mwmw4pxjz2lf-python3.13-jupyter-1.1.1"
      },
      "system": "aarch64-darwin",
      "group": "toplevel",
      "priority": 5
    },
    {
      "attr_path": "python313Packages.jupyter",
      "broken": false,
      "derivation": "/nix/store/i7w33hnfnfxmaffzm0sqxfw5np0b5sfq-python3.13-jupyter-1.1.1.drv",
      "description": "Installs all the Jupyter components in one go",
      "install_id": "jupyter",
      "license": "BSD-3-Clause",
      "locked_url": "https://github.com/flox/nixpkgs?rev=6e987485eb2c77e5dcc5af4e3c70843711ef9251",
      "name": "python3.13-jupyter-1.1.1",
      "pname": "jupyter",
      "rev": "6e987485eb2c77e5dcc5af4e3c70843711ef9251",
      "rev_count": 831064,
      "rev_date": "2025-07-16T17:35:22Z",
      "scrape_date": "2025-07-19T00:58:42.798090Z",
      "stabilities": [
        "unstable"
      ],
      "unfree": false,
      "version": "1.1.1",
      "outputs_to_install": [
        "out"
      ],
      "outputs": {
        "dist": "/nix/store/zb45r0cvqy320fsyn5yrpyz0mfnmdm2n-python3.13-jupyter-1.1.1-dist",
        "out": "/nix/store/sci3fy6mi3458fwbpcg4ljf5qycxqvn8-python3.13-jupyter-1.1.1"
      },
      "system": "aarch64-linux",
      "group": "toplevel",
      "priority": 5
    },
    {
      "attr_path": "python313Packages.jupyter",
      "broken": false,
      "derivation": "/nix/store/njf1i0832pky4vqi96zlmwh975nphjxz-python3.13-jupyter-1.1.1.drv",
      "description": "Installs all the Jupyter components in one go",
      "install_id": "jupyter",
      "license": "BSD-3-Clause",
      "locked_url": "https://github.com/flox/nixpkgs?rev=6e987485eb2c77e5dcc5af4e3c70843711ef9251",
      "name": "python3.13-jupyter-1.1.1",
      "pname": "jupyter",
      "rev": "6e987485eb2c77e5dcc5af4e3c70843711ef9251",
      "rev_count": 831064,
      "rev_date": "2025-07-16T17:35:22Z",
      "scrape_date": "2025-07-19T01:21:33.763325Z",
      "stabilities": [
        "unstable"
      ],
      "unfree": false,
      "version": "1.1.1",
      "outputs_to_install": [
        "out"
      ],
      "outputs": {
        "dist": "/nix/store/5byn6d8zi98yk65jcyfc4z1gfdr651b4-python3.13-jupyter-1.1.1-dist",
        "out": "/nix/store/zklwgqx0f1jiplf9fi8frik5saag141i-python3.13-jupyter-1.1.1"
      },
      "system": "x86_64-darwin",
      "group": "toplevel",
      "priority": 5
    },
    {
      "attr_path": "python313Packages.jupyter",
      "broken": false,
      "derivation": "/nix/store/ysbwf8fcs5gnjzarc7wcb6gka0kbfdgs-python3.13-jupyter-1.1.1.drv",
      "description": "Installs all the Jupyter components in one go",
      "install_id": "jupyter",
      "license": "BSD-3-Clause",
      "locked_url": "https://github.com/flox/nixpkgs?rev=6e987485eb2c77e5dcc5af4e3c70843711ef9251",
      "name": "python3.13-jupyter-1.1.1",
      "pname": "jupyter",
      "rev": "6e987485eb2c77e5dcc5af4e3c70843711ef9251",
      "rev_count": 831064,
      "rev_date": "2025-07-16T17:35:22Z",
      "scrape_date": "2025-07-19T01:49:08.479476Z",
      "stabilities": [
        "unstable"
      ],
      "unfree": false,
      "version": "1.1.1",
      "outputs_to_install": [
        "out"
      ],
      "outputs": {
        "dist": "/nix/store/9jnziwnbmcg5p4yfpi6glzrx06r4jnh4-python3.13-jupyter-1.1.1-dist",
        "out": "/nix/store/1hn80zsy99ci40xhv7ny1iayprxdakl1-python3.13-jupyter-1.1.1"
      },
      "system": "x86_64-linux",
      "group": "toplevel",
      "priority": 5
    },
    {
      "attr_path": "pyright",
      "broken": false,
      "derivation": "/nix/store/69bc13xxiw4kjadzkmmlwz495f9nybss-pyright-1.1.402.drv",
      "description": "Type checker for the Python language",
      "install_id": "pyright",
      "license": "MIT",
      "locked_url": "https://github.com/flox/nixpkgs?rev=6e987485eb2c77e5dcc5af4e3c70843711ef9251",
      "name": "pyright-1.1.402",
      "pname": "pyright",
      "rev": "6e987485eb2c77e5dcc5af4e3c70843711ef9251",
      "rev_count": 831064,
      "rev_date": "2025-07-16T17:35:22Z",
      "scrape_date": "2025-07-19T00:32:33.326126Z",
      "stabilities": [
        "unstable"
      ],
      "unfree": false,
      "version": "1.1.402",
      "outputs_to_install": [
        "out"
      ],
      "outputs": {
        "out": "/nix/store/q5s0f990zh6jb30hi1xh203xiqn1avqr-pyright-1.1.402"
      },
      "system": "aarch64-darwin",
      "group": "toplevel",
      "priority": 5
    },
    {
      "attr_path": "pyright",
      "broken": false,
      "derivation": "/nix/store/zhhfdkkj8ci5a5npk48a7xg1bqivfj6z-pyright-1.1.402.drv",
      "description": "Type checker for the Python language",
      "install_id": "pyright",
      "license": "MIT",
      "locked_url": "https://github.com/flox/nixpkgs?rev=6e987485eb2c77e5dcc5af4e3c70843711ef9251",
      "name": "pyright-1.1.402",
      "pname": "pyright",
      "rev": "6e987485eb2c77e5dcc5af4e3c70843711ef9251",
      "rev_count": 831064,
      "rev_date": "2025-07-16T17:35:22Z",
      "scrape_date": "2025-07-19T00:58:24.338817Z",
      "stabilities": [
        "unstable"
      ],
      "unfree": false,
      "version": "1.1.402",
      "outputs_to_install": [
        "out"
      ],
      "outputs": {
        "out": "/nix/store/mqbcrc3fj71vlrjj85cgs0dcd1455mqg-pyright-1.1.402"
      },
      "system": "aarch64-linux",
      "group": "toplevel",
      "priority": 5
    },
    {
      "attr_path": "pyright",
      "broken": false,
      "derivation": "/nix/store/zhn05h8mvb3ah2g8k8wavggyzjnprjqp-pyright-1.1.402.drv",
      "description": "Type checker for the Python language",
      "install_id": "pyright",
      "license": "MIT",
      "locked_url": "https://github.com/flox/nixpkgs?rev=6e987485eb2c77e5dcc5af4e3c70843711ef9251",
      "name": "pyright-1.1.402",
      "pname": "pyright",
      "rev": "6e987485eb2c77e5dcc5af4e3c70843711ef9251",
      "rev_count": 831064,
      "rev_date": "2025-07-16T17:35:22Z",
      "scrape_date": "2025-07-19T01:21:21.156785Z",
      "stabilities": [
        "unstable"
      ],
      "unfree": false,
      "version": "1.1.402",
      "outputs_to_install": [
        "out"
      ],
      "outputs": {
        "out": "/nix/store/1lhic1li6yvgsf8lqi035k8m97n1kgz7-pyright-1.1.402"
      },
      "system": "x86_64-darwin",
      "group": "toplevel",
      "priority": 5
    },
    {
      "attr_path": "pyright",
      "broken": false,
      "derivation": "/nix/store/0hz649zr13qwir8b7fb032nyhyjrfrd0-pyright-1.1.402.drv",
      "description": "Type checker for the Python language",
      "install_id": "pyright",
      "license": "MIT",
      "locked_url": "https://github.com/flox/nixpkgs?rev=6e987485eb2c77e5dcc5af4e3c70843711ef9251",
      "name": "pyright-1.1.402",
      "pname": "pyright",
      "rev": "6e987485eb2c77e5dcc5af4e3c70843711ef9251",
      "rev_count": 831064,
      "rev_date": "2025-07-16T17:35:22Z",
      "scrape_date": "2025-07-19T01:48:47.746411Z",
      "stabilities": [
        "unstable"
      ],
      "unfree": false,
      "version": "1.1.402",
      "outputs_to_install": [
        "out"
      ],
      "outputs": {
        "out": "/nix/store/z3fjbsxnn9036igv1i4brvc6pdh0q3vz-pyright-1.1.402"
      },
      "system": "x86_64-linux",
      "group": "toplevel",
      "priority": 5
    },
    {
      "attr_path": "python313Full",
      "broken": false,
      "derivation": "/nix/store/5db9v51bdhqj849rs2myyx36jlizkc2y-python3-3.13.5.drv",
      "description": "High-level dynamically-typed programming language",
      "install_id": "python313Full",
      "license": "Python-2.0",
      "locked_url": "https://github.com/flox/nixpkgs?rev=6e987485eb2c77e5dcc5af4e3c70843711ef9251",
      "name": "python3-3.13.5",
      "pname": "python313Full",
      "rev": "6e987485eb2c77e5dcc5af4e3c70843711ef9251",
      "rev_count": 831064,
      "rev_date": "2025-07-16T17:35:22Z",
      "scrape_date": "2025-07-19T00:32:43.030155Z",
      "stabilities": [
        "unstable"
      ],
      "unfree": false,
      "version": "python3-3.13.5",
      "outputs_to_install": [
        "out"
      ],
      "outputs": {
        "out": "/nix/store/sy1q3lj8xyz7hpd8qf00cy93f1mi9rb8-python3-3.13.5"
      },
      "system": "aarch64-darwin",
      "group": "toplevel",
      "priority": 5
    },
    {
      "attr_path": "python313Full",
      "broken": false,
      "derivation": "/nix/store/kg3wfm6rgipl19ga1y7yh13r9lndk1nf-python3-3.13.5.drv",
      "description": "High-level dynamically-typed programming language",
      "install_id": "python313Full",
      "license": "Python-2.0",
      "locked_url": "https://github.com/flox/nixpkgs?rev=6e987485eb2c77e5dcc5af4e3c70843711ef9251",
      "name": "python3-3.13.5",
      "pname": "python313Full",
      "rev": "6e987485eb2c77e5dcc5af4e3c70843711ef9251",
      "rev_count": 831064,
      "rev_date": "2025-07-16T17:35:22Z",
      "scrape_date": "2025-07-19T00:58:37.416400Z",
      "stabilities": [
        "unstable"
      ],
      "unfree": false,
      "version": "python3-3.13.5",
      "outputs_to_install": [
        "out"
      ],
      "outputs": {
        "debug": "/nix/store/9wki17p4awgqfsql51wd85j2l1z7ndyl-python3-3.13.5-debug",
        "out": "/nix/store/59nbvj0bwcdq94391a33akln8jzm69jv-python3-3.13.5"
      },
      "system": "aarch64-linux",
      "group": "toplevel",
      "priority": 5
    },
    {
      "attr_path": "python313Full",
      "broken": false,
      "derivation": "/nix/store/qya6wpqjmzfihzxi765p6riw4n2iskpq-python3-3.13.5.drv",
      "description": "High-level dynamically-typed programming language",
      "install_id": "python313Full",
      "license": "Python-2.0",
      "locked_url": "https://github.com/flox/nixpkgs?rev=6e987485eb2c77e5dcc5af4e3c70843711ef9251",
      "name": "python3-3.13.5",
      "pname": "python313Full",
      "rev": "6e987485eb2c77e5dcc5af4e3c70843711ef9251",
      "rev_count": 831064,
      "rev_date": "2025-07-16T17:35:22Z",
      "scrape_date": "2025-07-19T01:21:29.922932Z",
      "stabilities": [
        "unstable"
      ],
      "unfree": false,
      "version": "python3-3.13.5",
      "outputs_to_install": [
        "out"
      ],
      "outputs": {
        "out": "/nix/store/6m256xm8x7lfq6wx25ga8kj7rzdq5jjb-python3-3.13.5"
      },
      "system": "x86_64-darwin",
      "group": "toplevel",
      "priority": 5
    },
    {
      "attr_path": "python313Full",
      "broken": false,
      "derivation": "/nix/store/vlvj9vcf2f5xvq8pw6qn4plr2qmnwhw9-python3-3.13.5.drv",
      "description": "High-level dynamically-typed programming language",
      "install_id": "python313Full",
      "license": "Python-2.0",
      "locked_url": "https://github.com/flox/nixpkgs?rev=6e987485eb2c77e5dcc5af4e3c70843711ef9251",
      "name": "python3-3.13.5",
      "pname": "python313Full",
      "rev": "6e987485eb2c77e5dcc5af4e3c70843711ef9251",
      "rev_count": 831064,
      "rev_date": "2025-07-16T17:35:22Z",
      "scrape_date": "2025-07-19T01:49:02.509304Z",
      "stabilities": [
        "unstable"
      ],
      "unfree": false,
      "version": "python3-3.13.5",
      "outputs_to_install": [
        "out"
      ],
      "outputs": {
        "debug": "/nix/store/m16kkkiv9gagcqdfiinf77d2gfhxwclj-python3-3.13.5-debug",
        "out": "/nix/store/pc57njs97z2wzlgwn107af4b74zb2ynq-python3-3.13.5"
      },
      "system": "x86_64-linux",
      "group": "toplevel",
      "priority": 5
    },
    {
      "attr_path": "python313Packages.spyder",
      "broken": false,
      "derivation": "/nix/store/ks8f7a5009k9hzysj555x1qdcn83njxs-python3.13-spyder-6.1.0a2.drv",
      "description": "Scientific python development environment",
      "install_id": "spyder",
      "license": "MIT",
      "locked_url": "https://github.com/flox/nixpkgs?rev=6e987485eb2c77e5dcc5af4e3c70843711ef9251",
      "name": "python3.13-spyder-6.1.0a2",
      "pname": "spyder",
      "rev": "6e987485eb2c77e5dcc5af4e3c70843711ef9251",
      "rev_count": 831064,
      "rev_date": "2025-07-16T17:35:22Z",
      "scrape_date": "2025-07-19T00:58:50.266021Z",
      "stabilities": [
        "unstable"
      ],
      "unfree": false,
      "version": "6.1.0a2",
      "outputs_to_install": [
        "out"
      ],
      "outputs": {
        "dist": "/nix/store/h1jpv4bcma3fjah03ngmbld40sn8rhpb-python3.13-spyder-6.1.0a2-dist",
        "out": "/nix/store/sgaqslhpdyirrxlykj21rdnj63mz3cfs-python3.13-spyder-6.1.0a2"
      },
      "system": "aarch64-linux",
      "group": "toplevel",
      "priority": 5
    },
    {
      "attr_path": "python313Packages.spyder",
      "broken": false,
      "derivation": "/nix/store/rks1cj9hgb760i1yrdj6va4vxhqr8b68-python3.13-spyder-6.1.0a2.drv",
      "description": "Scientific python development environment",
      "install_id": "spyder",
      "license": "MIT",
      "locked_url": "https://github.com/flox/nixpkgs?rev=6e987485eb2c77e5dcc5af4e3c70843711ef9251",
      "name": "python3.13-spyder-6.1.0a2",
      "pname": "spyder",
      "rev": "6e987485eb2c77e5dcc5af4e3c70843711ef9251",
      "rev_count": 831064,
      "rev_date": "2025-07-16T17:35:22Z",
      "scrape_date": "2025-07-19T01:49:17.044741Z",
      "stabilities": [
        "unstable"
      ],
      "unfree": false,
      "version": "6.1.0a2",
      "outputs_to_install": [
        "out"
      ],
      "outputs": {
        "dist": "/nix/store/lpcwplk50kfvzjdkjd9nxbfcjmx0qaz9-python3.13-spyder-6.1.0a2-dist",
        "out": "/nix/store/vxgqxyhxjjwg0dw72089zkz5vq4gij5b-python3.13-spyder-6.1.0a2"
      },
      "system": "x86_64-linux",
      "group": "toplevel",
      "priority": 5
    },
    {
      "attr_path": "uv",
      "broken": false,
      "derivation": "/nix/store/hn0gci7c5cxqj91bjsc1859vxv9sazxs-uv-0.7.20.drv",
      "description": "Extremely fast Python package installer and resolver, written in Rust",
      "install_id": "uv",
      "license": "[ Apache-2.0, MIT ]",
      "locked_url": "https://github.com/flox/nixpkgs?rev=6e987485eb2c77e5dcc5af4e3c70843711ef9251",
      "name": "uv-0.7.20",
      "pname": "uv",
      "rev": "6e987485eb2c77e5dcc5af4e3c70843711ef9251",
      "rev_count": 831064,
      "rev_date": "2025-07-16T17:35:22Z",
      "scrape_date": "2025-07-19T00:33:34.634128Z",
      "stabilities": [
        "unstable"
      ],
      "unfree": false,
      "version": "0.7.20",
      "outputs_to_install": [
        "out"
      ],
      "outputs": {
        "out": "/nix/store/8ci0rsgacxbxyir7mwknjdc8pi6rmp9z-uv-0.7.20"
      },
      "system": "aarch64-darwin",
      "group": "toplevel",
      "priority": 5
    },
    {
      "attr_path": "uv",
      "broken": false,
      "derivation": "/nix/store/ry4r72wp8xgq64r86wibngvwp07j4jyh-uv-0.7.20.drv",
      "description": "Extremely fast Python package installer and resolver, written in Rust",
      "install_id": "uv",
      "license": "[ Apache-2.0, MIT ]",
      "locked_url": "https://github.com/flox/nixpkgs?rev=6e987485eb2c77e5dcc5af4e3c70843711ef9251",
      "name": "uv-0.7.20",
      "pname": "uv",
      "rev": "6e987485eb2c77e5dcc5af4e3c70843711ef9251",
      "rev_count": 831064,
      "rev_date": "2025-07-16T17:35:22Z",
      "scrape_date": "2025-07-19T00:59:32.999924Z",
      "stabilities": [
        "unstable"
      ],
      "unfree": false,
      "version": "0.7.20",
      "outputs_to_install": [
        "out"
      ],
      "outputs": {
        "out": "/nix/store/bi9hwz1fddjp005qnhkvr9qx92pssjpq-uv-0.7.20"
      },
      "system": "aarch64-linux",
      "group": "toplevel",
      "priority": 5
    },
    {
      "attr_path": "uv",
      "broken": false,
      "derivation": "/nix/store/am5gsagbnadhak97rr52kcp354yrx949-uv-0.7.20.drv",
      "description": "Extremely fast Python package installer and resolver, written in Rust",
      "install_id": "uv",
      "license": "[ Apache-2.0, MIT ]",
      "locked_url": "https://github.com/flox/nixpkgs?rev=6e987485eb2c77e5dcc5af4e3c70843711ef9251",
      "name": "uv-0.7.20",
      "pname": "uv",
      "rev": "6e987485eb2c77e5dcc5af4e3c70843711ef9251",
      "rev_count": 831064,
      "rev_date": "2025-07-16T17:35:22Z",
      "scrape_date": "2025-07-19T01:22:10.924672Z",
      "stabilities": [
        "unstable"
      ],
      "unfree": false,
      "version": "0.7.20",
      "outputs_to_install": [
        "out"
      ],
      "outputs": {
        "out": "/nix/store/g6cb2jsk1hg056nbngk0pxa87dkm2634-uv-0.7.20"
      },
      "system": "x86_64-darwin",
      "group": "toplevel",
      "priority": 5
    },
    {
      "attr_path": "uv",
      "broken": false,
      "derivation": "/nix/store/yziq01158mrrh8l60ddk1llimmkg5pmz-uv-0.7.20.drv",
      "description": "Extremely fast Python package installer and resolver, written in Rust",
      "install_id": "uv",
      "license": "[ Apache-2.0, MIT ]",
      "locked_url": "https://github.com/flox/nixpkgs?rev=6e987485eb2c77e5dcc5af4e3c70843711ef9251",
      "name": "uv-0.7.20",
      "pname": "uv",
      "rev": "6e987485eb2c77e5dcc5af4e3c70843711ef9251",
      "rev_count": 831064,
      "rev_date": "2025-07-16T17:35:22Z",
      "scrape_date": "2025-07-19T01:50:05.266116Z",
      "stabilities": [
        "unstable"
      ],
      "unfree": false,
      "version": "0.7.20",
      "outputs_to_install": [
        "out"
      ],
      "outputs": {
        "out": "/nix/store/i17kw12rrlgn8fp6hxw73lqi0jdcwmbs-uv-0.7.20"
      },
      "system": "x86_64-linux",
      "group": "toplevel",
      "priority": 5
    }
  ]
}